// !$*UTF8*$!
{
	archiveVersion = 1;
	classes = {
	};
	objectVersion = 50;
	objects = {

/* Begin PBXBuildFile section */
		CB69960822D459460027113D /* AppDelegate.swift in Sources */ = {isa = PBXBuildFile; fileRef = CB69960722D459460027113D /* AppDelegate.swift */; };
		CB69960D22D459460027113D /* Main.storyboard in Resources */ = {isa = PBXBuildFile; fileRef = CB69960B22D459460027113D /* Main.storyboard */; };
		CB69960F22D459470027113D /* Assets.xcassets in Resources */ = {isa = PBXBuildFile; fileRef = CB69960E22D459470027113D /* Assets.xcassets */; };
		CB69961B22D459E00027113D /* CoreImage.framework in Frameworks */ = {isa = PBXBuildFile; fileRef = CB69961A22D459E00027113D /* CoreImage.framework */; };
		CB69962122D45A850027113D /* FFListTableViewController.swift in Sources */ = {isa = PBXBuildFile; fileRef = CB69962022D45A850027113D /* FFListTableViewController.swift */; };
		CB69962322D45ABD0027113D /* FFPhotoOperations.swift in Sources */ = {isa = PBXBuildFile; fileRef = CB69962222D45ABD0027113D /* FFPhotoOperations.swift */; };
		CB69962522D487120027113D /* LaunchScreen.storyboard in Resources */ = {isa = PBXBuildFile; fileRef = CB69962422D487120027113D /* LaunchScreen.storyboard */; };
/* End PBXBuildFile section */

/* Begin PBXFileReference section */
		CB69960422D459460027113D /* FFClasicPhotos.app */ = {isa = PBXFileReference; explicitFileType = wrapper.application; includeInIndex = 0; path = FFClasicPhotos.app; sourceTree = BUILT_PRODUCTS_DIR; };
		CB69960722D459460027113D /* AppDelegate.swift */ = {isa = PBXFileReference; lastKnownFileType = sourcecode.swift; path = AppDelegate.swift; sourceTree = "<group>"; };
		CB69960C22D459460027113D /* Base */ = {isa = PBXFileReference; lastKnownFileType = file.storyboard; name = Base; path = Base.lproj/Main.storyboard; sourceTree = "<group>"; };
		CB69960E22D459470027113D /* Assets.xcassets */ = {isa = PBXFileReference; lastKnownFileType = folder.assetcatalog; path = Assets.xcassets; sourceTree = "<group>"; };
		CB69961322D459470027113D /* Info.plist */ = {isa = PBXFileReference; lastKnownFileType = text.plist.xml; path = Info.plist; sourceTree = "<group>"; };
		CB69961A22D459E00027113D /* CoreImage.framework */ = {isa = PBXFileReference; lastKnownFileType = wrapper.framework; name = CoreImage.framework; path = System/Library/Frameworks/CoreImage.framework; sourceTree = SDKROOT; };
		CB69962022D45A850027113D /* FFListTableViewController.swift */ = {isa = PBXFileReference; lastKnownFileType = sourcecode.swift; path = FFListTableViewController.swift; sourceTree = "<group>"; };
		CB69962222D45ABD0027113D /* FFPhotoOperations.swift */ = {isa = PBXFileReference; lastKnownFileType = sourcecode.swift; path = FFPhotoOperations.swift; sourceTree = "<group>"; };
		CB69962422D487120027113D /* LaunchScreen.storyboard */ = {isa = PBXFileReference; lastKnownFileType = file.storyboard; path = LaunchScreen.storyboard; sourceTree = "<group>"; };
/* End PBXFileReference section */

/* Begin PBXFrameworksBuildPhase section */
		CB69960122D459460027113D /* Frameworks */ = {
			isa = PBXFrameworksBuildPhase;
			buildActionMask = 2147483647;
			files = (
				CB69961B22D459E00027113D /* CoreImage.framework in Frameworks */,
			);
			runOnlyForDeploymentPostprocessing = 0;
		};
/* End PBXFrameworksBuildPhase section */

/* Begin PBXGroup section */
		CB6995FB22D459460027113D = {
			isa = PBXGroup;
			children = (
				CB69960622D459460027113D /* FFClasicPhotos */,
				CB69960522D459460027113D /* Products */,
				CB69961922D459E00027113D /* Frameworks */,
			);
			sourceTree = "<group>";
		};
		CB69960522D459460027113D /* Products */ = {
			isa = PBXGroup;
			children = (
				CB69960422D459460027113D /* FFClasicPhotos.app */,
			);
			name = Products;
			sourceTree = "<group>";
		};
		CB69960622D459460027113D /* FFClasicPhotos */ = {
			isa = PBXGroup;
			children = (
				CB69961F22D45A2F0027113D /* Supporting Files */,
				CB69961E22D45A2A0027113D /* View */,
				CB69961D22D45A230027113D /* Controller */,
				CB69961C22D45A1F0027113D /* Model */,
				CB69961322D459470027113D /* Info.plist */,
			);
			path = FFClasicPhotos;
			sourceTree = "<group>";
		};
		CB69961922D459E00027113D /* Frameworks */ = {
			isa = PBXGroup;
			children = (
				CB69961A22D459E00027113D /* CoreImage.framework */,
			);
			name = Frameworks;
			sourceTree = "<group>";
		};
		CB69961C22D45A1F0027113D /* Model */ = {
			isa = PBXGroup;
			children = (
				CB69962222D45ABD0027113D /* FFPhotoOperations.swift */,
			);
			name = Model;
			sourceTree = "<group>";
		};
		CB69961D22D45A230027113D /* Controller */ = {
			isa = PBXGroup;
			children = (
				CB69962022D45A850027113D /* FFListTableViewController.swift */,
			);
			name = Controller;
			sourceTree = "<group>";
		};
		CB69961E22D45A2A0027113D /* View */ = {
			isa = PBXGroup;
			children = (
				CB69960B22D459460027113D /* Main.storyboard */,
				CB69962422D487120027113D /* LaunchScreen.storyboard */,
			);
			name = View;
			sourceTree = "<group>";
		};
		CB69961F22D45A2F0027113D /* Supporting Files */ = {
			isa = PBXGroup;
			children = (
				CB69960722D459460027113D /* AppDelegate.swift */,
				CB69960E22D459470027113D /* Assets.xcassets */,
			);
			name = "Supporting Files";
			sourceTree = "<group>";
		};
/* End PBXGroup section */

/* Begin PBXNativeTarget section */
		CB69960322D459460027113D /* FFClasicPhotos */ = {
			isa = PBXNativeTarget;
			buildConfigurationList = CB69961622D459470027113D /* Build configuration list for PBXNativeTarget "FFClasicPhotos" */;
			buildPhases = (
				CB69960022D459460027113D /* Sources */,
				CB69960122D459460027113D /* Frameworks */,
				CB69960222D459460027113D /* Resources */,
			);
			buildRules = (
			);
			dependencies = (
			);
			name = FFClasicPhotos;
			productName = FFClasicPhotos;
			productReference = CB69960422D459460027113D /* FFClasicPhotos.app */;
			productType = "com.apple.product-type.application";
		};
/* End PBXNativeTarget section */

/* Begin PBXProject section */
		CB6995FC22D459460027113D /* Project object */ = {
			isa = PBXProject;
			attributes = {
				LastSwiftUpdateCheck = 1020;
				LastUpgradeCheck = 1020;
				ORGANIZATIONNAME = MissZhou;
				TargetAttributes = {
					CB69960322D459460027113D = {
						CreatedOnToolsVersion = 10.2.1;
					};
				};
			};
			buildConfigurationList = CB6995FF22D459460027113D /* Build configuration list for PBXProject "FFClasicPhotos" */;
			compatibilityVersion = "Xcode 9.3";
			developmentRegion = en;
			hasScannedForEncodings = 0;
			knownRegions = (
				en,
				Base,
			);
			mainGroup = CB6995FB22D459460027113D;
			productRefGroup = CB69960522D459460027113D /* Products */;
			projectDirPath = "";
			projectRoot = "";
			targets = (
				CB69960322D459460027113D /* FFClasicPhotos */,
			);
		};
/* End PBXProject section */

/* Begin PBXResourcesBuildPhase section */
		CB69960222D459460027113D /* Resources */ = {
			isa = PBXResourcesBuildPhase;
			buildActionMask = 2147483647;
			files = (
				CB69962522D487120027113D /* LaunchScreen.storyboard in Resources */,
				CB69960F22D459470027113D /* Assets.xcassets in Resources */,
				CB69960D22D459460027113D /* Main.storyboard in Resources */,
			);
			runOnlyForDeploymentPostprocessing = 0;
		};
/* End PBXResourcesBuildPhase section */

/* Begin PBXSourcesBuildPhase section */
		CB69960022D459460027113D /* Sources */ = {
			isa = PBXSourcesBuildPhase;
			buildActionMask = 2147483647;
			files = (
				CB69960822D459460027113D /* AppDelegate.swift in Sources */,
				CB69962322D45ABD0027113D /* FFPhotoOperations.swift in Sources */,
				CB69962122D45A850027113D /* FFListTableViewController.swift in Sources */,
			);
			runOnlyForDeploymentPostprocessing = 0;
		};
/* End PBXSourcesBuildPhase section */

/* Begin PBXVariantGroup section */
		CB69960B22D459460027113D /* Main.storyboard */ = {
			isa = PBXVariantGroup;
			children = (
				CB69960C22D459460027113D /* Base */,
			);
			name = Main.storyboard;
			sourceTree = "<group>";
		};
/* End PBXVariantGroup section */

/* Begin XCBuildConfiguration section */
		CB69961422D459470027113D /* Debug */ = {
			isa = XCBuildConfiguration;
			buildSettings = {
				ALWAYS_SEARCH_USER_PATHS = NO;
				CLANG_ANALYZER_NONNULL = YES;
				CLANG_ANALYZER_NUMBER_OBJECT_CONVERSION = YES_AGGRESSIVE;
				CLANG_CXX_LANGUAGE_STANDARD = "gnu++14";
				CLANG_CXX_LIBRARY = "libc++";
				CLANG_ENABLE_MODULES = YES;
				CLANG_ENABLE_OBJC_ARC = YES;
				CLANG_ENABLE_OBJC_WEAK = YES;
				CLANG_WARN_BLOCK_CAPTURE_AUTORELEASING = YES;
				CLANG_WARN_BOOL_CONVERSION = YES;
				CLANG_WARN_COMMA = YES;
				CLANG_WARN_CONSTANT_CONVERSION = YES;
				CLANG_WARN_DEPRECATED_OBJC_IMPLEMENTATIONS = YES;
				CLANG_WARN_DIRECT_OBJC_ISA_USAGE = YES_ERROR;
				CLANG_WARN_DOCUMENTATION_COMMENTS = YES;
				CLANG_WARN_EMPTY_BODY = YES;
				CLANG_WARN_ENUM_CONVERSION = YES;
				CLANG_WARN_INFINITE_RECURSION = YES;
				CLANG_WARN_INT_CONVERSION = YES;
				CLANG_WARN_NON_LITERAL_NULL_CONVERSION = YES;
				CLANG_WARN_OBJC_IMPLICIT_RETAIN_SELF = YES;
				CLANG_WARN_OBJC_LITERAL_CONVERSION = YES;
				CLANG_WARN_OBJC_ROOT_CLASS = YES_ERROR;
				CLANG_WARN_RANGE_LOOP_ANALYSIS = YES;
				CLANG_WARN_STRICT_PROTOTYPES = YES;
				CLANG_WARN_SUSPICIOUS_MOVE = YES;
				CLANG_WARN_UNGUARDED_AVAILABILITY = YES_AGGRESSIVE;
				CLANG_WARN_UNREACHABLE_CODE = YES;
				CLANG_WARN__DUPLICATE_METHOD_MATCH = YES;
				CODE_SIGN_IDENTITY = "iPhone Developer";
				COPY_PHASE_STRIP = NO;
				DEBUG_INFORMATION_FORMAT = dwarf;
				ENABLE_STRICT_OBJC_MSGSEND = YES;
				ENABLE_TESTABILITY = YES;
				GCC_C_LANGUAGE_STANDARD = gnu11;
				GCC_DYNAMIC_NO_PIC = NO;
				GCC_NO_COMMON_BLOCKS = YES;
				GCC_OPTIMIZATION_LEVEL = 0;
				GCC_PREPROCESSOR_DEFINITIONS = (
					"DEBUG=1",
					"$(inherited)",
				);
				GCC_WARN_64_TO_32_BIT_CONVERSION = YES;
				GCC_WARN_ABOUT_RETURN_TYPE = YES_ERROR;
				GCC_WARN_UNDECLARED_SELECTOR = YES;
				GCC_WARN_UNINITIALIZED_AUTOS = YES_AGGRESSIVE;
				GCC_WARN_UNUSED_FUNCTION = YES;
				GCC_WARN_UNUSED_VARIABLE = YES;
				IPHONEOS_DEPLOYMENT_TARGET = 12.2;
				MTL_ENABLE_DEBUG_INFO = INCLUDE_SOURCE;
				MTL_FAST_MATH = YES;
				ONLY_ACTIVE_ARCH = YES;
				SDKROOT = iphoneos;
				SWIFT_ACTIVE_COMPILATION_CONDITIONS = DEBUG;
				SWIFT_OPTIMIZATION_LEVEL = "-Onone";
			};
			name = Debug;
		};
		CB69961522D459470027113D /* Release */ = {
			isa = XCBuildConfiguration;
			buildSettings = {
				ALWAYS_SEARCH_USER_PATHS = NO;
				CLANG_ANALYZER_NONNULL = YES;
				CLANG_ANALYZER_NUMBER_OBJECT_CONVERSION = YES_AGGRESSIVE;
				CLANG_CXX_LANGUAGE_STANDARD = "gnu++14";
				CLANG_CXX_LIBRARY = "libc++";
				CLANG_ENABLE_MODULES = YES;
				CLANG_ENABLE_OBJC_ARC = YES;
				CLANG_ENABLE_OBJC_WEAK = YES;
				CLANG_WARN_BLOCK_CAPTURE_AUTORELEASING = YES;
				CLANG_WARN_BOOL_CONVERSION = YES;
				CLANG_WARN_COMMA = YES;
				CLANG_WARN_CONSTANT_CONVERSION = YES;
				CLANG_WARN_DEPRECATED_OBJC_IMPLEMENTATIONS = YES;
				CLANG_WARN_DIRECT_OBJC_ISA_USAGE = YES_ERROR;
				CLANG_WARN_DOCUMENTATION_COMMENTS = YES;
				CLANG_WARN_EMPTY_BODY = YES;
				CLANG_WARN_ENUM_CONVERSION = YES;
				CLANG_WARN_INFINITE_RECURSION = YES;
				CLANG_WARN_INT_CONVERSION = YES;
				CLANG_WARN_NON_LITERAL_NULL_CONVERSION = YES;
				CLANG_WARN_OBJC_IMPLICIT_RETAIN_SELF = YES;
				CLANG_WARN_OBJC_LITERAL_CONVERSION = YES;
				CLANG_WARN_OBJC_ROOT_CLASS = YES_ERROR;
				CLANG_WARN_RANGE_LOOP_ANALYSIS = YES;
				CLANG_WARN_STRICT_PROTOTYPES = YES;
				CLANG_WARN_SUSPICIOUS_MOVE = YES;
				CLANG_WARN_UNGUARDED_AVAILABILITY = YES_AGGRESSIVE;
				CLANG_WARN_UNREACHABLE_CODE = YES;
				CLANG_WARN__DUPLICATE_METHOD_MATCH = YES;
				CODE_SIGN_IDENTITY = "iPhone Developer";
				COPY_PHASE_STRIP = NO;
				DEBUG_INFORMATION_FORMAT = "dwarf-with-dsym";
				ENABLE_NS_ASSERTIONS = NO;
				ENABLE_STRICT_OBJC_MSGSEND = YES;
				GCC_C_LANGUAGE_STANDARD = gnu11;
				GCC_NO_COMMON_BLOCKS = YES;
				GCC_WARN_64_TO_32_BIT_CONVERSION = YES;
				GCC_WARN_ABOUT_RETURN_TYPE = YES_ERROR;
				GCC_WARN_UNDECLARED_SELECTOR = YES;
				GCC_WARN_UNINITIALIZED_AUTOS = YES_AGGRESSIVE;
				GCC_WARN_UNUSED_FUNCTION = YES;
				GCC_WARN_UNUSED_VARIABLE = YES;
				IPHONEOS_DEPLOYMENT_TARGET = 12.2;
				MTL_ENABLE_DEBUG_INFO = NO;
				MTL_FAST_MATH = YES;
				SDKROOT = iphoneos;
				SWIFT_COMPILATION_MODE = wholemodule;
				SWIFT_OPTIMIZATION_LEVEL = "-O";
				VALIDATE_PRODUCT = YES;
			};
			name = Release;
		};
		CB69961722D459470027113D /* Debug */ = {
			isa = XCBuildConfiguration;
			buildSettings = {
				ASSETCATALOG_COMPILER_APPICON_NAME = AppIcon;
				CODE_SIGN_STYLE = Automatic;
				DEVELOPMENT_TEAM = 8ZP4Q8T234;
				INFOPLIST_FILE = FFClasicPhotos/Info.plist;
				LD_RUNPATH_SEARCH_PATHS = (
					"$(inherited)",
					"@executable_path/Frameworks",
				);
				PRODUCT_BUNDLE_IDENTIFIER = MissZhou.FFClasicPhotos;
				PRODUCT_NAME = "$(TARGET_NAME)";
				SWIFT_VERSION = 5.0;
				TARGETED_DEVICE_FAMILY = "1,2";
			};
			name = Debug;
		};
		CB69961822D459470027113D /* Release */ = {
			isa = XCBuildConfiguration;
			buildSettings = {
				ASSETCATALOG_COMPILER_APPICON_NAME = AppIcon;
				CODE_SIGN_STYLE = Automatic;
				DEVELOPMENT_TEAM = 8ZP4Q8T234;
				INFOPLIST_FILE = FFClasicPhotos/Info.plist;
				LD_RUNPATH_SEARCH_PATHS = (
					"$(inherited)",
					"@executable_path/Frameworks",
				);
				PRODUCT_BUNDLE_IDENTIFIER = MissZhou.FFClasicPhotos;
				PRODUCT_NAME = "$(TARGET_NAME)";
				SWIFT_VERSION = 5.0;
				TARGETED_DEVICE_FAMILY = "1,2";
			};
			name = Release;
		};
/* End XCBuildConfiguration section */

/* Begin XCConfigurationList section */
		CB6995FF22D459460027113D /* Build configuration list for PBXProject "FFClasicPhotos" */ = {
			isa = XCConfigurationList;
			buildConfigurations = (
				CB69961422D459470027113D /* Debug */,
				CB69961522D459470027113D /* Release */,
			);
			defaultConfigurationIsVisible = 0;
			defaultConfigurationName = Release;
		};
		CB69961622D459470027113D /* Build configuration list for PBXNativeTarget "FFClasicPhotos" */ = {
			isa = XCConfigurationList;
			buildConfigurations = (
				CB69961722D459470027113D /* Debug */,
				CB69961822D459470027113D /* Release */,
			);
			defaultConfigurationIsVisible = 0;
			defaultConfigurationName = Release;
		};
/* End XCConfigurationList section */
	};
	rootObject = CB6995FC22D459460027113D /* Project object */;
}
