// !$*UTF8*$!
{
	archiveVersion = 1;
	classes = {
	};
	objectVersion = 50;
	objects = {

/* Begin PBXBuildFile section */
		CB53461922CEE21B00786374 /* AppDelegate.swift in Sources */ = {isa = PBXBuildFile; fileRef = CB53461822CEE21B00786374 /* AppDelegate.swift */; };
		CB53461E22CEE21B00786374 /* Main.storyboard in Resources */ = {isa = PBXBuildFile; fileRef = CB53461C22CEE21B00786374 /* Main.storyboard */; };
		CB53462022CEE21F00786374 /* Assets.xcassets in Resources */ = {isa = PBXBuildFile; fileRef = CB53461F22CEE21F00786374 /* Assets.xcassets */; };
		CB53462322CEE21F00786374 /* LaunchScreen.storyboard in Resources */ = {isa = PBXBuildFile; fileRef = CB53462122CEE21F00786374 /* LaunchScreen.storyboard */; };
		CB53462B22CEE38600786374 /* FFViewController.swift in Sources */ = {isa = PBXBuildFile; fileRef = CB53462A22CEE38600786374 /* FFViewController.swift */; };
		CB53462D22CEE39600786374 /* FFDetailViewController.swift in Sources */ = {isa = PBXBuildFile; fileRef = CB53462C22CEE39600786374 /* FFDetailViewController.swift */; };
		CB53462F22CEE3A500786374 /* Common.swift in Sources */ = {isa = PBXBuildFile; fileRef = CB53462E22CEE3A500786374 /* Common.swift */; };
/* End PBXBuildFile section */

/* Begin PBXFileReference section */
		CB53461522CEE21B00786374 /* FFAnimations.app */ = {isa = PBXFileReference; explicitFileType = wrapper.application; includeInIndex = 0; path = FFAnimations.app; sourceTree = BUILT_PRODUCTS_DIR; };
		CB53461822CEE21B00786374 /* AppDelegate.swift */ = {isa = PBXFileReference; lastKnownFileType = sourcecode.swift; path = AppDelegate.swift; sourceTree = "<group>"; };
		CB53461D22CEE21B00786374 /* Base */ = {isa = PBXFileReference; lastKnownFileType = file.storyboard; name = Base; path = Base.lproj/Main.storyboard; sourceTree = "<group>"; };
		CB53461F22CEE21F00786374 /* Assets.xcassets */ = {isa = PBXFileReference; lastKnownFileType = folder.assetcatalog; path = Assets.xcassets; sourceTree = "<group>"; };
		CB53462222CEE21F00786374 /* Base */ = {isa = PBXFileReference; lastKnownFileType = file.storyboard; name = Base; path = Base.lproj/LaunchScreen.storyboard; sourceTree = "<group>"; };
		CB53462422CEE21F00786374 /* Info.plist */ = {isa = PBXFileReference; lastKnownFileType = text.plist.xml; path = Info.plist; sourceTree = "<group>"; };
		CB53462A22CEE38600786374 /* FFViewController.swift */ = {isa = PBXFileReference; lastKnownFileType = sourcecode.swift; path = FFViewController.swift; sourceTree = "<group>"; };
		CB53462C22CEE39600786374 /* FFDetailViewController.swift */ = {isa = PBXFileReference; lastKnownFileType = sourcecode.swift; path = FFDetailViewController.swift; sourceTree = "<group>"; };
		CB53462E22CEE3A500786374 /* Common.swift */ = {isa = PBXFileReference; lastKnownFileType = sourcecode.swift; path = Common.swift; sourceTree = "<group>"; };
/* End PBXFileReference section */

/* Begin PBXFrameworksBuildPhase section */
		CB53461222CEE21B00786374 /* Frameworks */ = {
			isa = PBXFrameworksBuildPhase;
			buildActionMask = 2147483647;
			files = (
			);
			runOnlyForDeploymentPostprocessing = 0;
		};
/* End PBXFrameworksBuildPhase section */

/* Begin PBXGroup section */
		CB53460C22CEE21B00786374 = {
			isa = PBXGroup;
			children = (
				CB53461722CEE21B00786374 /* FFAnimations */,
				CB53461622CEE21B00786374 /* Products */,
			);
			sourceTree = "<group>";
		};
		CB53461622CEE21B00786374 /* Products */ = {
			isa = PBXGroup;
			children = (
				CB53461522CEE21B00786374 /* FFAnimations.app */,
			);
			name = Products;
			sourceTree = "<group>";
		};
		CB53461722CEE21B00786374 /* FFAnimations */ = {
			isa = PBXGroup;
			children = (
				CB53461822CEE21B00786374 /* AppDelegate.swift */,
				CB53462A22CEE38600786374 /* FFViewController.swift */,
				CB53462C22CEE39600786374 /* FFDetailViewController.swift */,
				CB53462E22CEE3A500786374 /* Common.swift */,
				CB53461C22CEE21B00786374 /* Main.storyboard */,
				CB53461F22CEE21F00786374 /* Assets.xcassets */,
				CB53462122CEE21F00786374 /* LaunchScreen.storyboard */,
				CB53462422CEE21F00786374 /* Info.plist */,
			);
			path = FFAnimations;
			sourceTree = "<group>";
		};
/* End PBXGroup section */

/* Begin PBXNativeTarget section */
		CB53461422CEE21B00786374 /* FFAnimations */ = {
			isa = PBXNativeTarget;
			buildConfigurationList = CB53462722CEE21F00786374 /* Build configuration list for PBXNativeTarget "FFAnimations" */;
			buildPhases = (
				CB53461122CEE21B00786374 /* Sources */,
				CB53461222CEE21B00786374 /* Frameworks */,
				CB53461322CEE21B00786374 /* Resources */,
			);
			buildRules = (
			);
			dependencies = (
			);
			name = FFAnimations;
			productName = FFAnimations;
			productReference = CB53461522CEE21B00786374 /* FFAnimations.app */;
			productType = "com.apple.product-type.application";
		};
/* End PBXNativeTarget section */

/* Begin PBXProject section */
		CB53460D22CEE21B00786374 /* Project object */ = {
			isa = PBXProject;
			attributes = {
				LastSwiftUpdateCheck = 1020;
				LastUpgradeCheck = 1020;
				ORGANIZATIONNAME = MissZhou;
				TargetAttributes = {
					CB53461422CEE21B00786374 = {
						CreatedOnToolsVersion = 10.2.1;
					};
				};
			};
			buildConfigurationList = CB53461022CEE21B00786374 /* Build configuration list for PBXProject "FFAnimations" */;
			compatibilityVersion = "Xcode 9.3";
			developmentRegion = en;
			hasScannedForEncodings = 0;
			knownRegions = (
				en,
				Base,
			);
			mainGroup = CB53460C22CEE21B00786374;
			productRefGroup = CB53461622CEE21B00786374 /* Products */;
			projectDirPath = "";
			projectRoot = "";
			targets = (
				CB53461422CEE21B00786374 /* FFAnimations */,
			);
		};
/* End PBXProject section */

/* Begin PBXResourcesBuildPhase section */
		CB53461322CEE21B00786374 /* Resources */ = {
			isa = PBXResourcesBuildPhase;
			buildActionMask = 2147483647;
			files = (
				CB53462322CEE21F00786374 /* LaunchScreen.storyboard in Resources */,
				CB53462022CEE21F00786374 /* Assets.xcassets in Resources */,
				CB53461E22CEE21B00786374 /* Main.storyboard in Resources */,
			);
			runOnlyForDeploymentPostprocessing = 0;
		};
/* End PBXResourcesBuildPhase section */

/* Begin PBXSourcesBuildPhase section */
		CB53461122CEE21B00786374 /* Sources */ = {
			isa = PBXSourcesBuildPhase;
			buildActionMask = 2147483647;
			files = (
				CB53462F22CEE3A500786374 /* Common.swift in Sources */,
				CB53462B22CEE38600786374 /* FFViewController.swift in Sources */,
				CB53461922CEE21B00786374 /* AppDelegate.swift in Sources */,
				CB53462D22CEE39600786374 /* FFDetailViewController.swift in Sources */,
			);
			runOnlyForDeploymentPostprocessing = 0;
		};
/* End PBXSourcesBuildPhase section */

/* Begin PBXVariantGroup section */
		CB53461C22CEE21B00786374 /* Main.storyboard */ = {
			isa = PBXVariantGroup;
			children = (
				CB53461D22CEE21B00786374 /* Base */,
			);
			name = Main.storyboard;
			sourceTree = "<group>";
		};
		CB53462122CEE21F00786374 /* LaunchScreen.storyboard */ = {
			isa = PBXVariantGroup;
			children = (
				CB53462222CEE21F00786374 /* Base */,
			);
			name = LaunchScreen.storyboard;
			sourceTree = "<group>";
		};
/* End PBXVariantGroup section */

/* Begin XCBuildConfiguration section */
		CB53462522CEE21F00786374 /* Debug */ = {
			isa = XCBuildConfiguration;
			buildSettings = {
				ALWAYS_SEARCH_USER_PATHS = NO;
				CLANG_ANALYZER_NONNULL = YES;
				CLANG_ANALYZER_NUMBER_OBJECT_CONVERSION = YES_AGGRESSIVE;
				CLANG_CXX_LANGUAGE_STANDARD = "gnu++14";
				CLANG_CXX_LIBRARY = "libc++";
				CLANG_ENABLE_MODULES = YES;
				CLANG_ENABLE_OBJC_ARC = YES;
				CLANG_ENABLE_OBJC_WEAK = YES;
				CLANG_WARN_BLOCK_CAPTURE_AUTORELEASING = YES;
				CLANG_WARN_BOOL_CONVERSION = YES;
				CLANG_WARN_COMMA = YES;
				CLANG_WARN_CONSTANT_CONVERSION = YES;
				CLANG_WARN_DEPRECATED_OBJC_IMPLEMENTATIONS = YES;
				CLANG_WARN_DIRECT_OBJC_ISA_USAGE = YES_ERROR;
				CLANG_WARN_DOCUMENTATION_COMMENTS = YES;
				CLANG_WARN_EMPTY_BODY = YES;
				CLANG_WARN_ENUM_CONVERSION = YES;
				CLANG_WARN_INFINITE_RECURSION = YES;
				CLANG_WARN_INT_CONVERSION = YES;
				CLANG_WARN_NON_LITERAL_NULL_CONVERSION = YES;
				CLANG_WARN_OBJC_IMPLICIT_RETAIN_SELF = YES;
				CLANG_WARN_OBJC_LITERAL_CONVERSION = YES;
				CLANG_WARN_OBJC_ROOT_CLASS = YES_ERROR;
				CLANG_WARN_RANGE_LOOP_ANALYSIS = YES;
				CLANG_WARN_STRICT_PROTOTYPES = YES;
				CLANG_WARN_SUSPICIOUS_MOVE = YES;
				CLANG_WARN_UNGUARDED_AVAILABILITY = YES_AGGRESSIVE;
				CLANG_WARN_UNREACHABLE_CODE = YES;
				CLANG_WARN__DUPLICATE_METHOD_MATCH = YES;
				CODE_SIGN_IDENTITY = "iPhone Developer";
				COPY_PHASE_STRIP = NO;
				DEBUG_INFORMATION_FORMAT = dwarf;
				ENABLE_STRICT_OBJC_MSGSEND = YES;
				ENABLE_TESTABILITY = YES;
				GCC_C_LANGUAGE_STANDARD = gnu11;
				GCC_DYNAMIC_NO_PIC = NO;
				GCC_NO_COMMON_BLOCKS = YES;
				GCC_OPTIMIZATION_LEVEL = 0;
				GCC_PREPROCESSOR_DEFINITIONS = (
					"DEBUG=1",
					"$(inherited)",
				);
				GCC_WARN_64_TO_32_BIT_CONVERSION = YES;
				GCC_WARN_ABOUT_RETURN_TYPE = YES_ERROR;
				GCC_WARN_UNDECLARED_SELECTOR = YES;
				GCC_WARN_UNINITIALIZED_AUTOS = YES_AGGRESSIVE;
				GCC_WARN_UNUSED_FUNCTION = YES;
				GCC_WARN_UNUSED_VARIABLE = YES;
				IPHONEOS_DEPLOYMENT_TARGET = 12.2;
				MTL_ENABLE_DEBUG_INFO = INCLUDE_SOURCE;
				MTL_FAST_MATH = YES;
				ONLY_ACTIVE_ARCH = YES;
				SDKROOT = iphoneos;
				SWIFT_ACTIVE_COMPILATION_CONDITIONS = DEBUG;
				SWIFT_OPTIMIZATION_LEVEL = "-Onone";
			};
			name = Debug;
		};
		CB53462622CEE21F00786374 /* Release */ = {
			isa = XCBuildConfiguration;
			buildSettings = {
				ALWAYS_SEARCH_USER_PATHS = NO;
				CLANG_ANALYZER_NONNULL = YES;
				CLANG_ANALYZER_NUMBER_OBJECT_CONVERSION = YES_AGGRESSIVE;
				CLANG_CXX_LANGUAGE_STANDARD = "gnu++14";
				CLANG_CXX_LIBRARY = "libc++";
				CLANG_ENABLE_MODULES = YES;
				CLANG_ENABLE_OBJC_ARC = YES;
				CLANG_ENABLE_OBJC_WEAK = YES;
				CLANG_WARN_BLOCK_CAPTURE_AUTORELEASING = YES;
				CLANG_WARN_BOOL_CONVERSION = YES;
				CLANG_WARN_COMMA = YES;
				CLANG_WARN_CONSTANT_CONVERSION = YES;
				CLANG_WARN_DEPRECATED_OBJC_IMPLEMENTATIONS = YES;
				CLANG_WARN_DIRECT_OBJC_ISA_USAGE = YES_ERROR;
				CLANG_WARN_DOCUMENTATION_COMMENTS = YES;
				CLANG_WARN_EMPTY_BODY = YES;
				CLANG_WARN_ENUM_CONVERSION = YES;
				CLANG_WARN_INFINITE_RECURSION = YES;
				CLANG_WARN_INT_CONVERSION = YES;
				CLANG_WARN_NON_LITERAL_NULL_CONVERSION = YES;
				CLANG_WARN_OBJC_IMPLICIT_RETAIN_SELF = YES;
				CLANG_WARN_OBJC_LITERAL_CONVERSION = YES;
				CLANG_WARN_OBJC_ROOT_CLASS = YES_ERROR;
				CLANG_WARN_RANGE_LOOP_ANALYSIS = YES;
				CLANG_WARN_STRICT_PROTOTYPES = YES;
				CLANG_WARN_SUSPICIOUS_MOVE = YES;
				CLANG_WARN_UNGUARDED_AVAILABILITY = YES_AGGRESSIVE;
				CLANG_WARN_UNREACHABLE_CODE = YES;
				CLANG_WARN__DUPLICATE_METHOD_MATCH = YES;
				CODE_SIGN_IDENTITY = "iPhone Developer";
				COPY_PHASE_STRIP = NO;
				DEBUG_INFORMATION_FORMAT = "dwarf-with-dsym";
				ENABLE_NS_ASSERTIONS = NO;
				ENABLE_STRICT_OBJC_MSGSEND = YES;
				GCC_C_LANGUAGE_STANDARD = gnu11;
				GCC_NO_COMMON_BLOCKS = YES;
				GCC_WARN_64_TO_32_BIT_CONVERSION = YES;
				GCC_WARN_ABOUT_RETURN_TYPE = YES_ERROR;
				GCC_WARN_UNDECLARED_SELECTOR = YES;
				GCC_WARN_UNINITIALIZED_AUTOS = YES_AGGRESSIVE;
				GCC_WARN_UNUSED_FUNCTION = YES;
				GCC_WARN_UNUSED_VARIABLE = YES;
				IPHONEOS_DEPLOYMENT_TARGET = 12.2;
				MTL_ENABLE_DEBUG_INFO = NO;
				MTL_FAST_MATH = YES;
				SDKROOT = iphoneos;
				SWIFT_COMPILATION_MODE = wholemodule;
				SWIFT_OPTIMIZATION_LEVEL = "-O";
				VALIDATE_PRODUCT = YES;
			};
			name = Release;
		};
		CB53462822CEE21F00786374 /* Debug */ = {
			isa = XCBuildConfiguration;
			buildSettings = {
				ASSETCATALOG_COMPILER_APPICON_NAME = AppIcon;
				CODE_SIGN_STYLE = Automatic;
				DEVELOPMENT_TEAM = 8ZP4Q8T234;
				INFOPLIST_FILE = FFAnimations/Info.plist;
				LD_RUNPATH_SEARCH_PATHS = (
					"$(inherited)",
					"@executable_path/Frameworks",
				);
				PRODUCT_BUNDLE_IDENTIFIER = MissZhou.FFAnimations;
				PRODUCT_NAME = "$(TARGET_NAME)";
				SWIFT_VERSION = 5.0;
				TARGETED_DEVICE_FAMILY = "1,2";
			};
			name = Debug;
		};
		CB53462922CEE21F00786374 /* Release */ = {
			isa = XCBuildConfiguration;
			buildSettings = {
				ASSETCATALOG_COMPILER_APPICON_NAME = AppIcon;
				CODE_SIGN_STYLE = Automatic;
				DEVELOPMENT_TEAM = 8ZP4Q8T234;
				INFOPLIST_FILE = FFAnimations/Info.plist;
				LD_RUNPATH_SEARCH_PATHS = (
					"$(inherited)",
					"@executable_path/Frameworks",
				);
				PRODUCT_BUNDLE_IDENTIFIER = MissZhou.FFAnimations;
				PRODUCT_NAME = "$(TARGET_NAME)";
				SWIFT_VERSION = 5.0;
				TARGETED_DEVICE_FAMILY = "1,2";
			};
			name = Release;
		};
/* End XCBuildConfiguration section */

/* Begin XCConfigurationList section */
		CB53461022CEE21B00786374 /* Build configuration list for PBXProject "FFAnimations" */ = {
			isa = XCConfigurationList;
			buildConfigurations = (
				CB53462522CEE21F00786374 /* Debug */,
				CB53462622CEE21F00786374 /* Release */,
			);
			defaultConfigurationIsVisible = 0;
			defaultConfigurationName = Release;
		};
		CB53462722CEE21F00786374 /* Build configuration list for PBXNativeTarget "FFAnimations" */ = {
			isa = XCConfigurationList;
			buildConfigurations = (
				CB53462822CEE21F00786374 /* Debug */,
				CB53462922CEE21F00786374 /* Release */,
			);
			defaultConfigurationIsVisible = 0;
			defaultConfigurationName = Release;
		};
/* End XCConfigurationList section */
	};
	rootObject = CB53460D22CEE21B00786374 /* Project object */;
}
