// !$*UTF8*$!
{
	archiveVersion = 1;
	classes = {
	};
	objectVersion = 50;
	objects = {

/* Begin PBXBuildFile section */
		CB3AF8B222C0BE53009D4C93 /* AppDelegate.swift in Sources */ = {isa = PBXBuildFile; fileRef = CB3AF8B122C0BE53009D4C93 /* AppDelegate.swift */; };
		CB3AF8B422C0BE53009D4C93 /* ViewController.swift in Sources */ = {isa = PBXBuildFile; fileRef = CB3AF8B322C0BE53009D4C93 /* ViewController.swift */; };
		CB3AF8B922C0BE55009D4C93 /* Assets.xcassets in Resources */ = {isa = PBXBuildFile; fileRef = CB3AF8B822C0BE55009D4C93 /* Assets.xcassets */; };
		CB3AF8BC22C0BE55009D4C93 /* LaunchScreen.storyboard in Resources */ = {isa = PBXBuildFile; fileRef = CB3AF8BA22C0BE55009D4C93 /* LaunchScreen.storyboard */; };
		CB3AF8CA22C0CA09009D4C93 /* Specs.swift in Sources */ = {isa = PBXBuildFile; fileRef = CB3AF8C922C0CA09009D4C93 /* Specs.swift */; };
		CB3AF8CC22C0CAF4009D4C93 /* UIColor+Extension.swift in Sources */ = {isa = PBXBuildFile; fileRef = CB3AF8CB22C0CAF4009D4C93 /* UIColor+Extension.swift */; };
		CB3AF8CE22C0D1B1009D4C93 /* TableKeys.swift in Sources */ = {isa = PBXBuildFile; fileRef = CB3AF8CD22C0D1B1009D4C93 /* TableKeys.swift */; };
		CB3AF8D022C0D2F7009D4C93 /* FBMeUser.swift in Sources */ = {isa = PBXBuildFile; fileRef = CB3AF8CF22C0D2F7009D4C93 /* FBMeUser.swift */; };
		CB3AF8D222C0D6EF009D4C93 /* FBMeBaseViewController.swift in Sources */ = {isa = PBXBuildFile; fileRef = CB3AF8D122C0D6EF009D4C93 /* FBMeBaseViewController.swift */; };
		CB3AF8D622C0D7E9009D4C93 /* FBMeViewController.swift in Sources */ = {isa = PBXBuildFile; fileRef = CB3AF8D522C0D7E9009D4C93 /* FBMeViewController.swift */; };
		CB5B930822C0D9CA004ABABF /* FBMeBaseCell.swift in Sources */ = {isa = PBXBuildFile; fileRef = CB5B930722C0D9CA004ABABF /* FBMeBaseCell.swift */; };
/* End PBXBuildFile section */

/* Begin PBXFileReference section */
		CB3AF8AE22C0BE53009D4C93 /* FFFacebookMe.app */ = {isa = PBXFileReference; explicitFileType = wrapper.application; includeInIndex = 0; path = FFFacebookMe.app; sourceTree = BUILT_PRODUCTS_DIR; };
		CB3AF8B122C0BE53009D4C93 /* AppDelegate.swift */ = {isa = PBXFileReference; lastKnownFileType = sourcecode.swift; path = AppDelegate.swift; sourceTree = "<group>"; };
		CB3AF8B322C0BE53009D4C93 /* ViewController.swift */ = {isa = PBXFileReference; lastKnownFileType = sourcecode.swift; path = ViewController.swift; sourceTree = "<group>"; };
		CB3AF8B822C0BE55009D4C93 /* Assets.xcassets */ = {isa = PBXFileReference; lastKnownFileType = folder.assetcatalog; path = Assets.xcassets; sourceTree = "<group>"; };
		CB3AF8BB22C0BE55009D4C93 /* Base */ = {isa = PBXFileReference; lastKnownFileType = file.storyboard; name = Base; path = Base.lproj/LaunchScreen.storyboard; sourceTree = "<group>"; };
		CB3AF8BD22C0BE55009D4C93 /* Info.plist */ = {isa = PBXFileReference; lastKnownFileType = text.plist.xml; path = Info.plist; sourceTree = "<group>"; };
		CB3AF8C922C0CA09009D4C93 /* Specs.swift */ = {isa = PBXFileReference; lastKnownFileType = sourcecode.swift; path = Specs.swift; sourceTree = "<group>"; };
		CB3AF8CB22C0CAF4009D4C93 /* UIColor+Extension.swift */ = {isa = PBXFileReference; lastKnownFileType = sourcecode.swift; path = "UIColor+Extension.swift"; sourceTree = "<group>"; };
		CB3AF8CD22C0D1B1009D4C93 /* TableKeys.swift */ = {isa = PBXFileReference; lastKnownFileType = sourcecode.swift; path = TableKeys.swift; sourceTree = "<group>"; };
		CB3AF8CF22C0D2F7009D4C93 /* FBMeUser.swift */ = {isa = PBXFileReference; lastKnownFileType = sourcecode.swift; path = FBMeUser.swift; sourceTree = "<group>"; };
		CB3AF8D122C0D6EF009D4C93 /* FBMeBaseViewController.swift */ = {isa = PBXFileReference; lastKnownFileType = sourcecode.swift; path = FBMeBaseViewController.swift; sourceTree = "<group>"; };
		CB3AF8D522C0D7E9009D4C93 /* FBMeViewController.swift */ = {isa = PBXFileReference; lastKnownFileType = sourcecode.swift; path = FBMeViewController.swift; sourceTree = "<group>"; };
		CB5B930722C0D9CA004ABABF /* FBMeBaseCell.swift */ = {isa = PBXFileReference; lastKnownFileType = sourcecode.swift; path = FBMeBaseCell.swift; sourceTree = "<group>"; };
/* End PBXFileReference section */

/* Begin PBXFrameworksBuildPhase section */
		CB3AF8AB22C0BE53009D4C93 /* Frameworks */ = {
			isa = PBXFrameworksBuildPhase;
			buildActionMask = 2147483647;
			files = (
			);
			runOnlyForDeploymentPostprocessing = 0;
		};
/* End PBXFrameworksBuildPhase section */

/* Begin PBXGroup section */
		CB3AF8A522C0BE53009D4C93 = {
			isa = PBXGroup;
			children = (
				CB3AF8B022C0BE53009D4C93 /* FFFacebookMe */,
				CB3AF8AF22C0BE53009D4C93 /* Products */,
			);
			sourceTree = "<group>";
		};
		CB3AF8AF22C0BE53009D4C93 /* Products */ = {
			isa = PBXGroup;
			children = (
				CB3AF8AE22C0BE53009D4C93 /* FFFacebookMe.app */,
			);
			name = Products;
			sourceTree = "<group>";
		};
		CB3AF8B022C0BE53009D4C93 /* FFFacebookMe */ = {
			isa = PBXGroup;
			children = (
				CB3AF8C322C0BE6B009D4C93 /* Helper */,
				CB3AF8C422C0BE7A009D4C93 /* ViewController */,
				CB3AF8C522C0BE87009D4C93 /* View */,
				CB3AF8C622C0BE90009D4C93 /* Model */,
				CB3AF8B122C0BE53009D4C93 /* AppDelegate.swift */,
				CB3AF8B322C0BE53009D4C93 /* ViewController.swift */,
				CB3AF8B822C0BE55009D4C93 /* Assets.xcassets */,
				CB3AF8BA22C0BE55009D4C93 /* LaunchScreen.storyboard */,
				CB3AF8BD22C0BE55009D4C93 /* Info.plist */,
			);
			path = FFFacebookMe;
			sourceTree = "<group>";
		};
		CB3AF8C322C0BE6B009D4C93 /* Helper */ = {
			isa = PBXGroup;
			children = (
				CB3AF8C922C0CA09009D4C93 /* Specs.swift */,
				CB3AF8CB22C0CAF4009D4C93 /* UIColor+Extension.swift */,
				CB3AF8CD22C0D1B1009D4C93 /* TableKeys.swift */,
			);
			name = Helper;
			sourceTree = "<group>";
		};
		CB3AF8C422C0BE7A009D4C93 /* ViewController */ = {
			isa = PBXGroup;
			children = (
				CB3AF8D122C0D6EF009D4C93 /* FBMeBaseViewController.swift */,
				CB3AF8D522C0D7E9009D4C93 /* FBMeViewController.swift */,
			);
			name = ViewController;
			sourceTree = "<group>";
		};
		CB3AF8C522C0BE87009D4C93 /* View */ = {
			isa = PBXGroup;
			children = (
				CB5B930722C0D9CA004ABABF /* FBMeBaseCell.swift */,
			);
			name = View;
			sourceTree = "<group>";
		};
		CB3AF8C622C0BE90009D4C93 /* Model */ = {
			isa = PBXGroup;
			children = (
				CB3AF8CF22C0D2F7009D4C93 /* FBMeUser.swift */,
			);
			name = Model;
			sourceTree = "<group>";
		};
/* End PBXGroup section */

/* Begin PBXNativeTarget section */
		CB3AF8AD22C0BE53009D4C93 /* FFFacebookMe */ = {
			isa = PBXNativeTarget;
			buildConfigurationList = CB3AF8C022C0BE55009D4C93 /* Build configuration list for PBXNativeTarget "FFFacebookMe" */;
			buildPhases = (
				CB3AF8AA22C0BE53009D4C93 /* Sources */,
				CB3AF8AB22C0BE53009D4C93 /* Frameworks */,
				CB3AF8AC22C0BE53009D4C93 /* Resources */,
			);
			buildRules = (
			);
			dependencies = (
			);
			name = FFFacebookMe;
			productName = FFFacebookMe;
			productReference = CB3AF8AE22C0BE53009D4C93 /* FFFacebookMe.app */;
			productType = "com.apple.product-type.application";
		};
/* End PBXNativeTarget section */

/* Begin PBXProject section */
		CB3AF8A622C0BE53009D4C93 /* Project object */ = {
			isa = PBXProject;
			attributes = {
				LastSwiftUpdateCheck = 1020;
				LastUpgradeCheck = 1020;
				ORGANIZATIONNAME = MissZhou;
				TargetAttributes = {
					CB3AF8AD22C0BE53009D4C93 = {
						CreatedOnToolsVersion = 10.2.1;
					};
				};
			};
			buildConfigurationList = CB3AF8A922C0BE53009D4C93 /* Build configuration list for PBXProject "FFFacebookMe" */;
			compatibilityVersion = "Xcode 9.3";
			developmentRegion = en;
			hasScannedForEncodings = 0;
			knownRegions = (
				en,
				Base,
			);
			mainGroup = CB3AF8A522C0BE53009D4C93;
			productRefGroup = CB3AF8AF22C0BE53009D4C93 /* Products */;
			projectDirPath = "";
			projectRoot = "";
			targets = (
				CB3AF8AD22C0BE53009D4C93 /* FFFacebookMe */,
			);
		};
/* End PBXProject section */

/* Begin PBXResourcesBuildPhase section */
		CB3AF8AC22C0BE53009D4C93 /* Resources */ = {
			isa = PBXResourcesBuildPhase;
			buildActionMask = 2147483647;
			files = (
				CB3AF8BC22C0BE55009D4C93 /* LaunchScreen.storyboard in Resources */,
				CB3AF8B922C0BE55009D4C93 /* Assets.xcassets in Resources */,
			);
			runOnlyForDeploymentPostprocessing = 0;
		};
/* End PBXResourcesBuildPhase section */

/* Begin PBXSourcesBuildPhase section */
		CB3AF8AA22C0BE53009D4C93 /* Sources */ = {
			isa = PBXSourcesBuildPhase;
			buildActionMask = 2147483647;
			files = (
				CB3AF8CA22C0CA09009D4C93 /* Specs.swift in Sources */,
				CB3AF8CE22C0D1B1009D4C93 /* TableKeys.swift in Sources */,
				CB5B930822C0D9CA004ABABF /* FBMeBaseCell.swift in Sources */,
				CB3AF8D022C0D2F7009D4C93 /* FBMeUser.swift in Sources */,
				CB3AF8B422C0BE53009D4C93 /* ViewController.swift in Sources */,
				CB3AF8D622C0D7E9009D4C93 /* FBMeViewController.swift in Sources */,
				CB3AF8B222C0BE53009D4C93 /* AppDelegate.swift in Sources */,
				CB3AF8D222C0D6EF009D4C93 /* FBMeBaseViewController.swift in Sources */,
				CB3AF8CC22C0CAF4009D4C93 /* UIColor+Extension.swift in Sources */,
			);
			runOnlyForDeploymentPostprocessing = 0;
		};
/* End PBXSourcesBuildPhase section */

/* Begin PBXVariantGroup section */
		CB3AF8BA22C0BE55009D4C93 /* LaunchScreen.storyboard */ = {
			isa = PBXVariantGroup;
			children = (
				CB3AF8BB22C0BE55009D4C93 /* Base */,
			);
			name = LaunchScreen.storyboard;
			sourceTree = "<group>";
		};
/* End PBXVariantGroup section */

/* Begin XCBuildConfiguration section */
		CB3AF8BE22C0BE55009D4C93 /* Debug */ = {
			isa = XCBuildConfiguration;
			buildSettings = {
				ALWAYS_SEARCH_USER_PATHS = NO;
				CLANG_ANALYZER_NONNULL = YES;
				CLANG_ANALYZER_NUMBER_OBJECT_CONVERSION = YES_AGGRESSIVE;
				CLANG_CXX_LANGUAGE_STANDARD = "gnu++14";
				CLANG_CXX_LIBRARY = "libc++";
				CLANG_ENABLE_MODULES = YES;
				CLANG_ENABLE_OBJC_ARC = YES;
				CLANG_ENABLE_OBJC_WEAK = YES;
				CLANG_WARN_BLOCK_CAPTURE_AUTORELEASING = YES;
				CLANG_WARN_BOOL_CONVERSION = YES;
				CLANG_WARN_COMMA = YES;
				CLANG_WARN_CONSTANT_CONVERSION = YES;
				CLANG_WARN_DEPRECATED_OBJC_IMPLEMENTATIONS = YES;
				CLANG_WARN_DIRECT_OBJC_ISA_USAGE = YES_ERROR;
				CLANG_WARN_DOCUMENTATION_COMMENTS = YES;
				CLANG_WARN_EMPTY_BODY = YES;
				CLANG_WARN_ENUM_CONVERSION = YES;
				CLANG_WARN_INFINITE_RECURSION = YES;
				CLANG_WARN_INT_CONVERSION = YES;
				CLANG_WARN_NON_LITERAL_NULL_CONVERSION = YES;
				CLANG_WARN_OBJC_IMPLICIT_RETAIN_SELF = YES;
				CLANG_WARN_OBJC_LITERAL_CONVERSION = YES;
				CLANG_WARN_OBJC_ROOT_CLASS = YES_ERROR;
				CLANG_WARN_RANGE_LOOP_ANALYSIS = YES;
				CLANG_WARN_STRICT_PROTOTYPES = YES;
				CLANG_WARN_SUSPICIOUS_MOVE = YES;
				CLANG_WARN_UNGUARDED_AVAILABILITY = YES_AGGRESSIVE;
				CLANG_WARN_UNREACHABLE_CODE = YES;
				CLANG_WARN__DUPLICATE_METHOD_MATCH = YES;
				CODE_SIGN_IDENTITY = "iPhone Developer";
				COPY_PHASE_STRIP = NO;
				DEBUG_INFORMATION_FORMAT = dwarf;
				ENABLE_STRICT_OBJC_MSGSEND = YES;
				ENABLE_TESTABILITY = YES;
				GCC_C_LANGUAGE_STANDARD = gnu11;
				GCC_DYNAMIC_NO_PIC = NO;
				GCC_NO_COMMON_BLOCKS = YES;
				GCC_OPTIMIZATION_LEVEL = 0;
				GCC_PREPROCESSOR_DEFINITIONS = (
					"DEBUG=1",
					"$(inherited)",
				);
				GCC_WARN_64_TO_32_BIT_CONVERSION = YES;
				GCC_WARN_ABOUT_RETURN_TYPE = YES_ERROR;
				GCC_WARN_UNDECLARED_SELECTOR = YES;
				GCC_WARN_UNINITIALIZED_AUTOS = YES_AGGRESSIVE;
				GCC_WARN_UNUSED_FUNCTION = YES;
				GCC_WARN_UNUSED_VARIABLE = YES;
				IPHONEOS_DEPLOYMENT_TARGET = 12.2;
				MTL_ENABLE_DEBUG_INFO = INCLUDE_SOURCE;
				MTL_FAST_MATH = YES;
				ONLY_ACTIVE_ARCH = YES;
				SDKROOT = iphoneos;
				SWIFT_ACTIVE_COMPILATION_CONDITIONS = DEBUG;
				SWIFT_OPTIMIZATION_LEVEL = "-Onone";
			};
			name = Debug;
		};
		CB3AF8BF22C0BE55009D4C93 /* Release */ = {
			isa = XCBuildConfiguration;
			buildSettings = {
				ALWAYS_SEARCH_USER_PATHS = NO;
				CLANG_ANALYZER_NONNULL = YES;
				CLANG_ANALYZER_NUMBER_OBJECT_CONVERSION = YES_AGGRESSIVE;
				CLANG_CXX_LANGUAGE_STANDARD = "gnu++14";
				CLANG_CXX_LIBRARY = "libc++";
				CLANG_ENABLE_MODULES = YES;
				CLANG_ENABLE_OBJC_ARC = YES;
				CLANG_ENABLE_OBJC_WEAK = YES;
				CLANG_WARN_BLOCK_CAPTURE_AUTORELEASING = YES;
				CLANG_WARN_BOOL_CONVERSION = YES;
				CLANG_WARN_COMMA = YES;
				CLANG_WARN_CONSTANT_CONVERSION = YES;
				CLANG_WARN_DEPRECATED_OBJC_IMPLEMENTATIONS = YES;
				CLANG_WARN_DIRECT_OBJC_ISA_USAGE = YES_ERROR;
				CLANG_WARN_DOCUMENTATION_COMMENTS = YES;
				CLANG_WARN_EMPTY_BODY = YES;
				CLANG_WARN_ENUM_CONVERSION = YES;
				CLANG_WARN_INFINITE_RECURSION = YES;
				CLANG_WARN_INT_CONVERSION = YES;
				CLANG_WARN_NON_LITERAL_NULL_CONVERSION = YES;
				CLANG_WARN_OBJC_IMPLICIT_RETAIN_SELF = YES;
				CLANG_WARN_OBJC_LITERAL_CONVERSION = YES;
				CLANG_WARN_OBJC_ROOT_CLASS = YES_ERROR;
				CLANG_WARN_RANGE_LOOP_ANALYSIS = YES;
				CLANG_WARN_STRICT_PROTOTYPES = YES;
				CLANG_WARN_SUSPICIOUS_MOVE = YES;
				CLANG_WARN_UNGUARDED_AVAILABILITY = YES_AGGRESSIVE;
				CLANG_WARN_UNREACHABLE_CODE = YES;
				CLANG_WARN__DUPLICATE_METHOD_MATCH = YES;
				CODE_SIGN_IDENTITY = "iPhone Developer";
				COPY_PHASE_STRIP = NO;
				DEBUG_INFORMATION_FORMAT = "dwarf-with-dsym";
				ENABLE_NS_ASSERTIONS = NO;
				ENABLE_STRICT_OBJC_MSGSEND = YES;
				GCC_C_LANGUAGE_STANDARD = gnu11;
				GCC_NO_COMMON_BLOCKS = YES;
				GCC_WARN_64_TO_32_BIT_CONVERSION = YES;
				GCC_WARN_ABOUT_RETURN_TYPE = YES_ERROR;
				GCC_WARN_UNDECLARED_SELECTOR = YES;
				GCC_WARN_UNINITIALIZED_AUTOS = YES_AGGRESSIVE;
				GCC_WARN_UNUSED_FUNCTION = YES;
				GCC_WARN_UNUSED_VARIABLE = YES;
				IPHONEOS_DEPLOYMENT_TARGET = 12.2;
				MTL_ENABLE_DEBUG_INFO = NO;
				MTL_FAST_MATH = YES;
				SDKROOT = iphoneos;
				SWIFT_COMPILATION_MODE = wholemodule;
				SWIFT_OPTIMIZATION_LEVEL = "-O";
				VALIDATE_PRODUCT = YES;
			};
			name = Release;
		};
		CB3AF8C122C0BE55009D4C93 /* Debug */ = {
			isa = XCBuildConfiguration;
			buildSettings = {
				ASSETCATALOG_COMPILER_APPICON_NAME = AppIcon;
				CODE_SIGN_STYLE = Automatic;
				DEVELOPMENT_TEAM = 8ZP4Q8T234;
				INFOPLIST_FILE = FFFacebookMe/Info.plist;
				LD_RUNPATH_SEARCH_PATHS = (
					"$(inherited)",
					"@executable_path/Frameworks",
				);
				PRODUCT_BUNDLE_IDENTIFIER = MissZhou.FFFacebookMe;
				PRODUCT_NAME = "$(TARGET_NAME)";
				SWIFT_VERSION = 5.0;
				TARGETED_DEVICE_FAMILY = "1,2";
			};
			name = Debug;
		};
		CB3AF8C222C0BE55009D4C93 /* Release */ = {
			isa = XCBuildConfiguration;
			buildSettings = {
				ASSETCATALOG_COMPILER_APPICON_NAME = AppIcon;
				CODE_SIGN_STYLE = Automatic;
				DEVELOPMENT_TEAM = 8ZP4Q8T234;
				INFOPLIST_FILE = FFFacebookMe/Info.plist;
				LD_RUNPATH_SEARCH_PATHS = (
					"$(inherited)",
					"@executable_path/Frameworks",
				);
				PRODUCT_BUNDLE_IDENTIFIER = MissZhou.FFFacebookMe;
				PRODUCT_NAME = "$(TARGET_NAME)";
				SWIFT_VERSION = 5.0;
				TARGETED_DEVICE_FAMILY = "1,2";
			};
			name = Release;
		};
/* End XCBuildConfiguration section */

/* Begin XCConfigurationList section */
		CB3AF8A922C0BE53009D4C93 /* Build configuration list for PBXProject "FFFacebookMe" */ = {
			isa = XCConfigurationList;
			buildConfigurations = (
				CB3AF8BE22C0BE55009D4C93 /* Debug */,
				CB3AF8BF22C0BE55009D4C93 /* Release */,
			);
			defaultConfigurationIsVisible = 0;
			defaultConfigurationName = Release;
		};
		CB3AF8C022C0BE55009D4C93 /* Build configuration list for PBXNativeTarget "FFFacebookMe" */ = {
			isa = XCConfigurationList;
			buildConfigurations = (
				CB3AF8C122C0BE55009D4C93 /* Debug */,
				CB3AF8C222C0BE55009D4C93 /* Release */,
			);
			defaultConfigurationIsVisible = 0;
			defaultConfigurationName = Release;
		};
/* End XCConfigurationList section */
	};
	rootObject = CB3AF8A622C0BE53009D4C93 /* Project object */;
}
