// !$*UTF8*$!
{
	archiveVersion = 1;
	classes = {
	};
	objectVersion = 50;
	objects = {

/* Begin PBXBuildFile section */
		CB53469D22D32F6800786374 /* AppDelegate.swift in Sources */ = {isa = PBXBuildFile; fileRef = CB53469C22D32F6800786374 /* AppDelegate.swift */; };
		CB53469F22D32F6800786374 /* ViewController.swift in Sources */ = {isa = PBXBuildFile; fileRef = CB53469E22D32F6800786374 /* ViewController.swift */; };
		CB5346A222D32F6800786374 /* Main.storyboard in Resources */ = {isa = PBXBuildFile; fileRef = CB5346A022D32F6800786374 /* Main.storyboard */; };
		CB5346A422D32F6A00786374 /* Assets.xcassets in Resources */ = {isa = PBXBuildFile; fileRef = CB5346A322D32F6A00786374 /* Assets.xcassets */; };
		CB5346A722D32F6A00786374 /* LaunchScreen.storyboard in Resources */ = {isa = PBXBuildFile; fileRef = CB5346A522D32F6A00786374 /* LaunchScreen.storyboard */; };
		CB5346B322D3316400786374 /* FFChatViewController.swift in Sources */ = {isa = PBXBuildFile; fileRef = CB5346B122D3316400786374 /* FFChatViewController.swift */; };
		CB5346B422D3316400786374 /* FFChatViewController.xib in Resources */ = {isa = PBXBuildFile; fileRef = CB5346B222D3316400786374 /* FFChatViewController.xib */; };
		CB5346B922D3319000786374 /* FFStoreViewController.swift in Sources */ = {isa = PBXBuildFile; fileRef = CB5346B722D3319000786374 /* FFStoreViewController.swift */; };
		CB5346BA22D3319000786374 /* FFStoreViewController.xib in Resources */ = {isa = PBXBuildFile; fileRef = CB5346B822D3319000786374 /* FFStoreViewController.xib */; };
		CB5346BD22D331A100786374 /* FFDiscoverViewController.swift in Sources */ = {isa = PBXBuildFile; fileRef = CB5346BB22D331A100786374 /* FFDiscoverViewController.swift */; };
		CB5346BE22D331A100786374 /* FFDiscoverViewController.xib in Resources */ = {isa = PBXBuildFile; fileRef = CB5346BC22D331A100786374 /* FFDiscoverViewController.xib */; };
/* End PBXBuildFile section */

/* Begin PBXFileReference section */
		CB53469922D32F6800786374 /* FFSnapChatMenu.app */ = {isa = PBXFileReference; explicitFileType = wrapper.application; includeInIndex = 0; path = FFSnapChatMenu.app; sourceTree = BUILT_PRODUCTS_DIR; };
		CB53469C22D32F6800786374 /* AppDelegate.swift */ = {isa = PBXFileReference; lastKnownFileType = sourcecode.swift; path = AppDelegate.swift; sourceTree = "<group>"; };
		CB53469E22D32F6800786374 /* ViewController.swift */ = {isa = PBXFileReference; lastKnownFileType = sourcecode.swift; path = ViewController.swift; sourceTree = "<group>"; };
		CB5346A122D32F6800786374 /* Base */ = {isa = PBXFileReference; lastKnownFileType = file.storyboard; name = Base; path = Base.lproj/Main.storyboard; sourceTree = "<group>"; };
		CB5346A322D32F6A00786374 /* Assets.xcassets */ = {isa = PBXFileReference; lastKnownFileType = folder.assetcatalog; path = Assets.xcassets; sourceTree = "<group>"; };
		CB5346A622D32F6A00786374 /* Base */ = {isa = PBXFileReference; lastKnownFileType = file.storyboard; name = Base; path = Base.lproj/LaunchScreen.storyboard; sourceTree = "<group>"; };
		CB5346A822D32F6A00786374 /* Info.plist */ = {isa = PBXFileReference; lastKnownFileType = text.plist.xml; path = Info.plist; sourceTree = "<group>"; };
		CB5346B122D3316400786374 /* FFChatViewController.swift */ = {isa = PBXFileReference; lastKnownFileType = sourcecode.swift; path = FFChatViewController.swift; sourceTree = "<group>"; };
		CB5346B222D3316400786374 /* FFChatViewController.xib */ = {isa = PBXFileReference; lastKnownFileType = file.xib; path = FFChatViewController.xib; sourceTree = "<group>"; };
		CB5346B722D3319000786374 /* FFStoreViewController.swift */ = {isa = PBXFileReference; lastKnownFileType = sourcecode.swift; path = FFStoreViewController.swift; sourceTree = "<group>"; };
		CB5346B822D3319000786374 /* FFStoreViewController.xib */ = {isa = PBXFileReference; lastKnownFileType = file.xib; path = FFStoreViewController.xib; sourceTree = "<group>"; };
		CB5346BB22D331A100786374 /* FFDiscoverViewController.swift */ = {isa = PBXFileReference; lastKnownFileType = sourcecode.swift; path = FFDiscoverViewController.swift; sourceTree = "<group>"; };
		CB5346BC22D331A100786374 /* FFDiscoverViewController.xib */ = {isa = PBXFileReference; lastKnownFileType = file.xib; path = FFDiscoverViewController.xib; sourceTree = "<group>"; };
/* End PBXFileReference section */

/* Begin PBXFrameworksBuildPhase section */
		CB53469622D32F6800786374 /* Frameworks */ = {
			isa = PBXFrameworksBuildPhase;
			buildActionMask = 2147483647;
			files = (
			);
			runOnlyForDeploymentPostprocessing = 0;
		};
/* End PBXFrameworksBuildPhase section */

/* Begin PBXGroup section */
		CB53469022D32F6800786374 = {
			isa = PBXGroup;
			children = (
				CB53469B22D32F6800786374 /* FFSnapChatMenu */,
				CB53469A22D32F6800786374 /* Products */,
			);
			sourceTree = "<group>";
		};
		CB53469A22D32F6800786374 /* Products */ = {
			isa = PBXGroup;
			children = (
				CB53469922D32F6800786374 /* FFSnapChatMenu.app */,
			);
			name = Products;
			sourceTree = "<group>";
		};
		CB53469B22D32F6800786374 /* FFSnapChatMenu */ = {
			isa = PBXGroup;
			children = (
				CB53469C22D32F6800786374 /* AppDelegate.swift */,
				CB53469E22D32F6800786374 /* ViewController.swift */,
				CB5346AE22D3312800786374 /* Chat */,
				CB5346AF22D3313100786374 /* Stories */,
				CB5346B022D3313A00786374 /* Discover */,
				CB5346A022D32F6800786374 /* Main.storyboard */,
				CB5346A322D32F6A00786374 /* Assets.xcassets */,
				CB5346A522D32F6A00786374 /* LaunchScreen.storyboard */,
				CB5346A822D32F6A00786374 /* Info.plist */,
			);
			path = FFSnapChatMenu;
			sourceTree = "<group>";
		};
		CB5346AE22D3312800786374 /* Chat */ = {
			isa = PBXGroup;
			children = (
				CB5346B122D3316400786374 /* FFChatViewController.swift */,
				CB5346B222D3316400786374 /* FFChatViewController.xib */,
			);
			name = Chat;
			sourceTree = "<group>";
		};
		CB5346AF22D3313100786374 /* Stories */ = {
			isa = PBXGroup;
			children = (
				CB5346B722D3319000786374 /* FFStoreViewController.swift */,
				CB5346B822D3319000786374 /* FFStoreViewController.xib */,
			);
			name = Stories;
			sourceTree = "<group>";
		};
		CB5346B022D3313A00786374 /* Discover */ = {
			isa = PBXGroup;
			children = (
				CB5346BB22D331A100786374 /* FFDiscoverViewController.swift */,
				CB5346BC22D331A100786374 /* FFDiscoverViewController.xib */,
			);
			name = Discover;
			sourceTree = "<group>";
		};
/* End PBXGroup section */

/* Begin PBXNativeTarget section */
		CB53469822D32F6800786374 /* FFSnapChatMenu */ = {
			isa = PBXNativeTarget;
			buildConfigurationList = CB5346AB22D32F6A00786374 /* Build configuration list for PBXNativeTarget "FFSnapChatMenu" */;
			buildPhases = (
				CB53469522D32F6800786374 /* Sources */,
				CB53469622D32F6800786374 /* Frameworks */,
				CB53469722D32F6800786374 /* Resources */,
			);
			buildRules = (
			);
			dependencies = (
			);
			name = FFSnapChatMenu;
			productName = FFSnapChatMenu;
			productReference = CB53469922D32F6800786374 /* FFSnapChatMenu.app */;
			productType = "com.apple.product-type.application";
		};
/* End PBXNativeTarget section */

/* Begin PBXProject section */
		CB53469122D32F6800786374 /* Project object */ = {
			isa = PBXProject;
			attributes = {
				LastSwiftUpdateCheck = 1020;
				LastUpgradeCheck = 1020;
				ORGANIZATIONNAME = MissZhou;
				TargetAttributes = {
					CB53469822D32F6800786374 = {
						CreatedOnToolsVersion = 10.2.1;
					};
				};
			};
			buildConfigurationList = CB53469422D32F6800786374 /* Build configuration list for PBXProject "FFSnapChatMenu" */;
			compatibilityVersion = "Xcode 9.3";
			developmentRegion = en;
			hasScannedForEncodings = 0;
			knownRegions = (
				en,
				Base,
			);
			mainGroup = CB53469022D32F6800786374;
			productRefGroup = CB53469A22D32F6800786374 /* Products */;
			projectDirPath = "";
			projectRoot = "";
			targets = (
				CB53469822D32F6800786374 /* FFSnapChatMenu */,
			);
		};
/* End PBXProject section */

/* Begin PBXResourcesBuildPhase section */
		CB53469722D32F6800786374 /* Resources */ = {
			isa = PBXResourcesBuildPhase;
			buildActionMask = 2147483647;
			files = (
				CB5346B422D3316400786374 /* FFChatViewController.xib in Resources */,
				CB5346BE22D331A100786374 /* FFDiscoverViewController.xib in Resources */,
				CB5346A722D32F6A00786374 /* LaunchScreen.storyboard in Resources */,
				CB5346BA22D3319000786374 /* FFStoreViewController.xib in Resources */,
				CB5346A422D32F6A00786374 /* Assets.xcassets in Resources */,
				CB5346A222D32F6800786374 /* Main.storyboard in Resources */,
			);
			runOnlyForDeploymentPostprocessing = 0;
		};
/* End PBXResourcesBuildPhase section */

/* Begin PBXSourcesBuildPhase section */
		CB53469522D32F6800786374 /* Sources */ = {
			isa = PBXSourcesBuildPhase;
			buildActionMask = 2147483647;
			files = (
				CB5346B322D3316400786374 /* FFChatViewController.swift in Sources */,
				CB53469F22D32F6800786374 /* ViewController.swift in Sources */,
				CB5346BD22D331A100786374 /* FFDiscoverViewController.swift in Sources */,
				CB5346B922D3319000786374 /* FFStoreViewController.swift in Sources */,
				CB53469D22D32F6800786374 /* AppDelegate.swift in Sources */,
			);
			runOnlyForDeploymentPostprocessing = 0;
		};
/* End PBXSourcesBuildPhase section */

/* Begin PBXVariantGroup section */
		CB5346A022D32F6800786374 /* Main.storyboard */ = {
			isa = PBXVariantGroup;
			children = (
				CB5346A122D32F6800786374 /* Base */,
			);
			name = Main.storyboard;
			sourceTree = "<group>";
		};
		CB5346A522D32F6A00786374 /* LaunchScreen.storyboard */ = {
			isa = PBXVariantGroup;
			children = (
				CB5346A622D32F6A00786374 /* Base */,
			);
			name = LaunchScreen.storyboard;
			sourceTree = "<group>";
		};
/* End PBXVariantGroup section */

/* Begin XCBuildConfiguration section */
		CB5346A922D32F6A00786374 /* Debug */ = {
			isa = XCBuildConfiguration;
			buildSettings = {
				ALWAYS_SEARCH_USER_PATHS = NO;
				CLANG_ANALYZER_NONNULL = YES;
				CLANG_ANALYZER_NUMBER_OBJECT_CONVERSION = YES_AGGRESSIVE;
				CLANG_CXX_LANGUAGE_STANDARD = "gnu++14";
				CLANG_CXX_LIBRARY = "libc++";
				CLANG_ENABLE_MODULES = YES;
				CLANG_ENABLE_OBJC_ARC = YES;
				CLANG_ENABLE_OBJC_WEAK = YES;
				CLANG_WARN_BLOCK_CAPTURE_AUTORELEASING = YES;
				CLANG_WARN_BOOL_CONVERSION = YES;
				CLANG_WARN_COMMA = YES;
				CLANG_WARN_CONSTANT_CONVERSION = YES;
				CLANG_WARN_DEPRECATED_OBJC_IMPLEMENTATIONS = YES;
				CLANG_WARN_DIRECT_OBJC_ISA_USAGE = YES_ERROR;
				CLANG_WARN_DOCUMENTATION_COMMENTS = YES;
				CLANG_WARN_EMPTY_BODY = YES;
				CLANG_WARN_ENUM_CONVERSION = YES;
				CLANG_WARN_INFINITE_RECURSION = YES;
				CLANG_WARN_INT_CONVERSION = YES;
				CLANG_WARN_NON_LITERAL_NULL_CONVERSION = YES;
				CLANG_WARN_OBJC_IMPLICIT_RETAIN_SELF = YES;
				CLANG_WARN_OBJC_LITERAL_CONVERSION = YES;
				CLANG_WARN_OBJC_ROOT_CLASS = YES_ERROR;
				CLANG_WARN_RANGE_LOOP_ANALYSIS = YES;
				CLANG_WARN_STRICT_PROTOTYPES = YES;
				CLANG_WARN_SUSPICIOUS_MOVE = YES;
				CLANG_WARN_UNGUARDED_AVAILABILITY = YES_AGGRESSIVE;
				CLANG_WARN_UNREACHABLE_CODE = YES;
				CLANG_WARN__DUPLICATE_METHOD_MATCH = YES;
				CODE_SIGN_IDENTITY = "iPhone Developer";
				COPY_PHASE_STRIP = NO;
				DEBUG_INFORMATION_FORMAT = dwarf;
				ENABLE_STRICT_OBJC_MSGSEND = YES;
				ENABLE_TESTABILITY = YES;
				GCC_C_LANGUAGE_STANDARD = gnu11;
				GCC_DYNAMIC_NO_PIC = NO;
				GCC_NO_COMMON_BLOCKS = YES;
				GCC_OPTIMIZATION_LEVEL = 0;
				GCC_PREPROCESSOR_DEFINITIONS = (
					"DEBUG=1",
					"$(inherited)",
				);
				GCC_WARN_64_TO_32_BIT_CONVERSION = YES;
				GCC_WARN_ABOUT_RETURN_TYPE = YES_ERROR;
				GCC_WARN_UNDECLARED_SELECTOR = YES;
				GCC_WARN_UNINITIALIZED_AUTOS = YES_AGGRESSIVE;
				GCC_WARN_UNUSED_FUNCTION = YES;
				GCC_WARN_UNUSED_VARIABLE = YES;
				IPHONEOS_DEPLOYMENT_TARGET = 12.2;
				MTL_ENABLE_DEBUG_INFO = INCLUDE_SOURCE;
				MTL_FAST_MATH = YES;
				ONLY_ACTIVE_ARCH = YES;
				SDKROOT = iphoneos;
				SWIFT_ACTIVE_COMPILATION_CONDITIONS = DEBUG;
				SWIFT_OPTIMIZATION_LEVEL = "-Onone";
			};
			name = Debug;
		};
		CB5346AA22D32F6A00786374 /* Release */ = {
			isa = XCBuildConfiguration;
			buildSettings = {
				ALWAYS_SEARCH_USER_PATHS = NO;
				CLANG_ANALYZER_NONNULL = YES;
				CLANG_ANALYZER_NUMBER_OBJECT_CONVERSION = YES_AGGRESSIVE;
				CLANG_CXX_LANGUAGE_STANDARD = "gnu++14";
				CLANG_CXX_LIBRARY = "libc++";
				CLANG_ENABLE_MODULES = YES;
				CLANG_ENABLE_OBJC_ARC = YES;
				CLANG_ENABLE_OBJC_WEAK = YES;
				CLANG_WARN_BLOCK_CAPTURE_AUTORELEASING = YES;
				CLANG_WARN_BOOL_CONVERSION = YES;
				CLANG_WARN_COMMA = YES;
				CLANG_WARN_CONSTANT_CONVERSION = YES;
				CLANG_WARN_DEPRECATED_OBJC_IMPLEMENTATIONS = YES;
				CLANG_WARN_DIRECT_OBJC_ISA_USAGE = YES_ERROR;
				CLANG_WARN_DOCUMENTATION_COMMENTS = YES;
				CLANG_WARN_EMPTY_BODY = YES;
				CLANG_WARN_ENUM_CONVERSION = YES;
				CLANG_WARN_INFINITE_RECURSION = YES;
				CLANG_WARN_INT_CONVERSION = YES;
				CLANG_WARN_NON_LITERAL_NULL_CONVERSION = YES;
				CLANG_WARN_OBJC_IMPLICIT_RETAIN_SELF = YES;
				CLANG_WARN_OBJC_LITERAL_CONVERSION = YES;
				CLANG_WARN_OBJC_ROOT_CLASS = YES_ERROR;
				CLANG_WARN_RANGE_LOOP_ANALYSIS = YES;
				CLANG_WARN_STRICT_PROTOTYPES = YES;
				CLANG_WARN_SUSPICIOUS_MOVE = YES;
				CLANG_WARN_UNGUARDED_AVAILABILITY = YES_AGGRESSIVE;
				CLANG_WARN_UNREACHABLE_CODE = YES;
				CLANG_WARN__DUPLICATE_METHOD_MATCH = YES;
				CODE_SIGN_IDENTITY = "iPhone Developer";
				COPY_PHASE_STRIP = NO;
				DEBUG_INFORMATION_FORMAT = "dwarf-with-dsym";
				ENABLE_NS_ASSERTIONS = NO;
				ENABLE_STRICT_OBJC_MSGSEND = YES;
				GCC_C_LANGUAGE_STANDARD = gnu11;
				GCC_NO_COMMON_BLOCKS = YES;
				GCC_WARN_64_TO_32_BIT_CONVERSION = YES;
				GCC_WARN_ABOUT_RETURN_TYPE = YES_ERROR;
				GCC_WARN_UNDECLARED_SELECTOR = YES;
				GCC_WARN_UNINITIALIZED_AUTOS = YES_AGGRESSIVE;
				GCC_WARN_UNUSED_FUNCTION = YES;
				GCC_WARN_UNUSED_VARIABLE = YES;
				IPHONEOS_DEPLOYMENT_TARGET = 12.2;
				MTL_ENABLE_DEBUG_INFO = NO;
				MTL_FAST_MATH = YES;
				SDKROOT = iphoneos;
				SWIFT_COMPILATION_MODE = wholemodule;
				SWIFT_OPTIMIZATION_LEVEL = "-O";
				VALIDATE_PRODUCT = YES;
			};
			name = Release;
		};
		CB5346AC22D32F6A00786374 /* Debug */ = {
			isa = XCBuildConfiguration;
			buildSettings = {
				ASSETCATALOG_COMPILER_APPICON_NAME = AppIcon;
				CODE_SIGN_STYLE = Automatic;
				DEVELOPMENT_TEAM = 8ZP4Q8T234;
				INFOPLIST_FILE = FFSnapChatMenu/Info.plist;
				LD_RUNPATH_SEARCH_PATHS = (
					"$(inherited)",
					"@executable_path/Frameworks",
				);
				PRODUCT_BUNDLE_IDENTIFIER = MissZhou.FFSnapChatMenu;
				PRODUCT_NAME = "$(TARGET_NAME)";
				SWIFT_VERSION = 5.0;
				TARGETED_DEVICE_FAMILY = "1,2";
			};
			name = Debug;
		};
		CB5346AD22D32F6A00786374 /* Release */ = {
			isa = XCBuildConfiguration;
			buildSettings = {
				ASSETCATALOG_COMPILER_APPICON_NAME = AppIcon;
				CODE_SIGN_STYLE = Automatic;
				DEVELOPMENT_TEAM = 8ZP4Q8T234;
				INFOPLIST_FILE = FFSnapChatMenu/Info.plist;
				LD_RUNPATH_SEARCH_PATHS = (
					"$(inherited)",
					"@executable_path/Frameworks",
				);
				PRODUCT_BUNDLE_IDENTIFIER = MissZhou.FFSnapChatMenu;
				PRODUCT_NAME = "$(TARGET_NAME)";
				SWIFT_VERSION = 5.0;
				TARGETED_DEVICE_FAMILY = "1,2";
			};
			name = Release;
		};
/* End XCBuildConfiguration section */

/* Begin XCConfigurationList section */
		CB53469422D32F6800786374 /* Build configuration list for PBXProject "FFSnapChatMenu" */ = {
			isa = XCConfigurationList;
			buildConfigurations = (
				CB5346A922D32F6A00786374 /* Debug */,
				CB5346AA22D32F6A00786374 /* Release */,
			);
			defaultConfigurationIsVisible = 0;
			defaultConfigurationName = Release;
		};
		CB5346AB22D32F6A00786374 /* Build configuration list for PBXNativeTarget "FFSnapChatMenu" */ = {
			isa = XCConfigurationList;
			buildConfigurations = (
				CB5346AC22D32F6A00786374 /* Debug */,
				CB5346AD22D32F6A00786374 /* Release */,
			);
			defaultConfigurationIsVisible = 0;
			defaultConfigurationName = Release;
		};
/* End XCConfigurationList section */
	};
	rootObject = CB53469122D32F6800786374 /* Project object */;
}
