// !$*UTF8*$!
{
	archiveVersion = 1;
	classes = {
	};
	objectVersion = 50;
	objects = {

/* Begin PBXBuildFile section */
		CB2B06E522E99B2D00D6DBB2 /* AppDelegate.swift in Sources */ = {isa = PBXBuildFile; fileRef = CB2B06E422E99B2D00D6DBB2 /* AppDelegate.swift */; };
		CB2B06E722E99B2D00D6DBB2 /* ViewController.swift in Sources */ = {isa = PBXBuildFile; fileRef = CB2B06E622E99B2D00D6DBB2 /* ViewController.swift */; };
		CB2B06EA22E99B2D00D6DBB2 /* Main.storyboard in Resources */ = {isa = PBXBuildFile; fileRef = CB2B06E822E99B2D00D6DBB2 /* Main.storyboard */; };
		CB2B06EC22E99B3100D6DBB2 /* Assets.xcassets in Resources */ = {isa = PBXBuildFile; fileRef = CB2B06EB22E99B3100D6DBB2 /* Assets.xcassets */; };
		CB2B06EF22E99B3100D6DBB2 /* LaunchScreen.storyboard in Resources */ = {isa = PBXBuildFile; fileRef = CB2B06ED22E99B3100D6DBB2 /* LaunchScreen.storyboard */; };
		CB2B06F722E9A03400D6DBB2 /* Helper.swift in Sources */ = {isa = PBXBuildFile; fileRef = CB2B06F622E9A03400D6DBB2 /* Helper.swift */; };
		CB2B06F922E9A06700D6DBB2 /* AddContactViewController.swift in Sources */ = {isa = PBXBuildFile; fileRef = CB2B06F822E9A06700D6DBB2 /* AddContactViewController.swift */; };
		CB2B06FB22E9A07B00D6DBB2 /* CreateContactViewController.swift in Sources */ = {isa = PBXBuildFile; fileRef = CB2B06FA22E9A07B00D6DBB2 /* CreateContactViewController.swift */; };
		CB2B06FE22E9A09B00D6DBB2 /* ContactBirthdayTableViewCell.swift in Sources */ = {isa = PBXBuildFile; fileRef = CB2B06FC22E9A09B00D6DBB2 /* ContactBirthdayTableViewCell.swift */; };
		CB2B06FF22E9A09B00D6DBB2 /* ContactBirthdayTableViewCell.xib in Resources */ = {isa = PBXBuildFile; fileRef = CB2B06FD22E9A09B00D6DBB2 /* ContactBirthdayTableViewCell.xib */; };
/* End PBXBuildFile section */

/* Begin PBXFileReference section */
		CB2B06E122E99B2D00D6DBB2 /* FFBirthdays.app */ = {isa = PBXFileReference; explicitFileType = wrapper.application; includeInIndex = 0; path = FFBirthdays.app; sourceTree = BUILT_PRODUCTS_DIR; };
		CB2B06E422E99B2D00D6DBB2 /* AppDelegate.swift */ = {isa = PBXFileReference; lastKnownFileType = sourcecode.swift; path = AppDelegate.swift; sourceTree = "<group>"; };
		CB2B06E622E99B2D00D6DBB2 /* ViewController.swift */ = {isa = PBXFileReference; lastKnownFileType = sourcecode.swift; path = ViewController.swift; sourceTree = "<group>"; };
		CB2B06E922E99B2D00D6DBB2 /* Base */ = {isa = PBXFileReference; lastKnownFileType = file.storyboard; name = Base; path = Base.lproj/Main.storyboard; sourceTree = "<group>"; };
		CB2B06EB22E99B3100D6DBB2 /* Assets.xcassets */ = {isa = PBXFileReference; lastKnownFileType = folder.assetcatalog; path = Assets.xcassets; sourceTree = "<group>"; };
		CB2B06EE22E99B3100D6DBB2 /* Base */ = {isa = PBXFileReference; lastKnownFileType = file.storyboard; name = Base; path = Base.lproj/LaunchScreen.storyboard; sourceTree = "<group>"; };
		CB2B06F022E99B3100D6DBB2 /* Info.plist */ = {isa = PBXFileReference; lastKnownFileType = text.plist.xml; path = Info.plist; sourceTree = "<group>"; };
		CB2B06F622E9A03400D6DBB2 /* Helper.swift */ = {isa = PBXFileReference; lastKnownFileType = sourcecode.swift; path = Helper.swift; sourceTree = "<group>"; };
		CB2B06F822E9A06700D6DBB2 /* AddContactViewController.swift */ = {isa = PBXFileReference; lastKnownFileType = sourcecode.swift; path = AddContactViewController.swift; sourceTree = "<group>"; };
		CB2B06FA22E9A07B00D6DBB2 /* CreateContactViewController.swift */ = {isa = PBXFileReference; lastKnownFileType = sourcecode.swift; path = CreateContactViewController.swift; sourceTree = "<group>"; };
		CB2B06FC22E9A09B00D6DBB2 /* ContactBirthdayTableViewCell.swift */ = {isa = PBXFileReference; lastKnownFileType = sourcecode.swift; path = ContactBirthdayTableViewCell.swift; sourceTree = "<group>"; };
		CB2B06FD22E9A09B00D6DBB2 /* ContactBirthdayTableViewCell.xib */ = {isa = PBXFileReference; lastKnownFileType = file.xib; path = ContactBirthdayTableViewCell.xib; sourceTree = "<group>"; };
/* End PBXFileReference section */

/* Begin PBXFrameworksBuildPhase section */
		CB2B06DE22E99B2D00D6DBB2 /* Frameworks */ = {
			isa = PBXFrameworksBuildPhase;
			buildActionMask = 2147483647;
			files = (
			);
			runOnlyForDeploymentPostprocessing = 0;
		};
/* End PBXFrameworksBuildPhase section */

/* Begin PBXGroup section */
		CB2B06D822E99B2D00D6DBB2 = {
			isa = PBXGroup;
			children = (
				CB2B06E322E99B2D00D6DBB2 /* FFBirthdays */,
				CB2B06E222E99B2D00D6DBB2 /* Products */,
			);
			sourceTree = "<group>";
		};
		CB2B06E222E99B2D00D6DBB2 /* Products */ = {
			isa = PBXGroup;
			children = (
				CB2B06E122E99B2D00D6DBB2 /* FFBirthdays.app */,
			);
			name = Products;
			sourceTree = "<group>";
		};
		CB2B06E322E99B2D00D6DBB2 /* FFBirthdays */ = {
			isa = PBXGroup;
			children = (
				CB2B06E422E99B2D00D6DBB2 /* AppDelegate.swift */,
				CB2B06E622E99B2D00D6DBB2 /* ViewController.swift */,
				CB2B06F622E9A03400D6DBB2 /* Helper.swift */,
				CB2B06F822E9A06700D6DBB2 /* AddContactViewController.swift */,
				CB2B06FA22E9A07B00D6DBB2 /* CreateContactViewController.swift */,
				CB2B06FC22E9A09B00D6DBB2 /* ContactBirthdayTableViewCell.swift */,
				CB2B06FD22E9A09B00D6DBB2 /* ContactBirthdayTableViewCell.xib */,
				CB2B06E822E99B2D00D6DBB2 /* Main.storyboard */,
				CB2B06EB22E99B3100D6DBB2 /* Assets.xcassets */,
				CB2B06ED22E99B3100D6DBB2 /* LaunchScreen.storyboard */,
				CB2B06F022E99B3100D6DBB2 /* Info.plist */,
			);
			path = FFBirthdays;
			sourceTree = "<group>";
		};
/* End PBXGroup section */

/* Begin PBXNativeTarget section */
		CB2B06E022E99B2D00D6DBB2 /* FFBirthdays */ = {
			isa = PBXNativeTarget;
			buildConfigurationList = CB2B06F322E99B3100D6DBB2 /* Build configuration list for PBXNativeTarget "FFBirthdays" */;
			buildPhases = (
				CB2B06DD22E99B2D00D6DBB2 /* Sources */,
				CB2B06DE22E99B2D00D6DBB2 /* Frameworks */,
				CB2B06DF22E99B2D00D6DBB2 /* Resources */,
			);
			buildRules = (
			);
			dependencies = (
			);
			name = FFBirthdays;
			productName = FFBirthdays;
			productReference = CB2B06E122E99B2D00D6DBB2 /* FFBirthdays.app */;
			productType = "com.apple.product-type.application";
		};
/* End PBXNativeTarget section */

/* Begin PBXProject section */
		CB2B06D922E99B2D00D6DBB2 /* Project object */ = {
			isa = PBXProject;
			attributes = {
				LastSwiftUpdateCheck = 1030;
				LastUpgradeCheck = 1030;
				ORGANIZATIONNAME = MissZhou;
				TargetAttributes = {
					CB2B06E022E99B2D00D6DBB2 = {
						CreatedOnToolsVersion = 10.3;
					};
				};
			};
			buildConfigurationList = CB2B06DC22E99B2D00D6DBB2 /* Build configuration list for PBXProject "FFBirthdays" */;
			compatibilityVersion = "Xcode 9.3";
			developmentRegion = en;
			hasScannedForEncodings = 0;
			knownRegions = (
				en,
				Base,
			);
			mainGroup = CB2B06D822E99B2D00D6DBB2;
			productRefGroup = CB2B06E222E99B2D00D6DBB2 /* Products */;
			projectDirPath = "";
			projectRoot = "";
			targets = (
				CB2B06E022E99B2D00D6DBB2 /* FFBirthdays */,
			);
		};
/* End PBXProject section */

/* Begin PBXResourcesBuildPhase section */
		CB2B06DF22E99B2D00D6DBB2 /* Resources */ = {
			isa = PBXResourcesBuildPhase;
			buildActionMask = 2147483647;
			files = (
				CB2B06EF22E99B3100D6DBB2 /* LaunchScreen.storyboard in Resources */,
				CB2B06EC22E99B3100D6DBB2 /* Assets.xcassets in Resources */,
				CB2B06FF22E9A09B00D6DBB2 /* ContactBirthdayTableViewCell.xib in Resources */,
				CB2B06EA22E99B2D00D6DBB2 /* Main.storyboard in Resources */,
			);
			runOnlyForDeploymentPostprocessing = 0;
		};
/* End PBXResourcesBuildPhase section */

/* Begin PBXSourcesBuildPhase section */
		CB2B06DD22E99B2D00D6DBB2 /* Sources */ = {
			isa = PBXSourcesBuildPhase;
			buildActionMask = 2147483647;
			files = (
				CB2B06E722E99B2D00D6DBB2 /* ViewController.swift in Sources */,
				CB2B06F922E9A06700D6DBB2 /* AddContactViewController.swift in Sources */,
				CB2B06FB22E9A07B00D6DBB2 /* CreateContactViewController.swift in Sources */,
				CB2B06FE22E9A09B00D6DBB2 /* ContactBirthdayTableViewCell.swift in Sources */,
				CB2B06E522E99B2D00D6DBB2 /* AppDelegate.swift in Sources */,
				CB2B06F722E9A03400D6DBB2 /* Helper.swift in Sources */,
			);
			runOnlyForDeploymentPostprocessing = 0;
		};
/* End PBXSourcesBuildPhase section */

/* Begin PBXVariantGroup section */
		CB2B06E822E99B2D00D6DBB2 /* Main.storyboard */ = {
			isa = PBXVariantGroup;
			children = (
				CB2B06E922E99B2D00D6DBB2 /* Base */,
			);
			name = Main.storyboard;
			sourceTree = "<group>";
		};
		CB2B06ED22E99B3100D6DBB2 /* LaunchScreen.storyboard */ = {
			isa = PBXVariantGroup;
			children = (
				CB2B06EE22E99B3100D6DBB2 /* Base */,
			);
			name = LaunchScreen.storyboard;
			sourceTree = "<group>";
		};
/* End PBXVariantGroup section */

/* Begin XCBuildConfiguration section */
		CB2B06F122E99B3100D6DBB2 /* Debug */ = {
			isa = XCBuildConfiguration;
			buildSettings = {
				ALWAYS_SEARCH_USER_PATHS = NO;
				CLANG_ANALYZER_NONNULL = YES;
				CLANG_ANALYZER_NUMBER_OBJECT_CONVERSION = YES_AGGRESSIVE;
				CLANG_CXX_LANGUAGE_STANDARD = "gnu++14";
				CLANG_CXX_LIBRARY = "libc++";
				CLANG_ENABLE_MODULES = YES;
				CLANG_ENABLE_OBJC_ARC = YES;
				CLANG_ENABLE_OBJC_WEAK = YES;
				CLANG_WARN_BLOCK_CAPTURE_AUTORELEASING = YES;
				CLANG_WARN_BOOL_CONVERSION = YES;
				CLANG_WARN_COMMA = YES;
				CLANG_WARN_CONSTANT_CONVERSION = YES;
				CLANG_WARN_DEPRECATED_OBJC_IMPLEMENTATIONS = YES;
				CLANG_WARN_DIRECT_OBJC_ISA_USAGE = YES_ERROR;
				CLANG_WARN_DOCUMENTATION_COMMENTS = YES;
				CLANG_WARN_EMPTY_BODY = YES;
				CLANG_WARN_ENUM_CONVERSION = YES;
				CLANG_WARN_INFINITE_RECURSION = YES;
				CLANG_WARN_INT_CONVERSION = YES;
				CLANG_WARN_NON_LITERAL_NULL_CONVERSION = YES;
				CLANG_WARN_OBJC_IMPLICIT_RETAIN_SELF = YES;
				CLANG_WARN_OBJC_LITERAL_CONVERSION = YES;
				CLANG_WARN_OBJC_ROOT_CLASS = YES_ERROR;
				CLANG_WARN_RANGE_LOOP_ANALYSIS = YES;
				CLANG_WARN_STRICT_PROTOTYPES = YES;
				CLANG_WARN_SUSPICIOUS_MOVE = YES;
				CLANG_WARN_UNGUARDED_AVAILABILITY = YES_AGGRESSIVE;
				CLANG_WARN_UNREACHABLE_CODE = YES;
				CLANG_WARN__DUPLICATE_METHOD_MATCH = YES;
				CODE_SIGN_IDENTITY = "iPhone Developer";
				COPY_PHASE_STRIP = NO;
				DEBUG_INFORMATION_FORMAT = dwarf;
				ENABLE_STRICT_OBJC_MSGSEND = YES;
				ENABLE_TESTABILITY = YES;
				GCC_C_LANGUAGE_STANDARD = gnu11;
				GCC_DYNAMIC_NO_PIC = NO;
				GCC_NO_COMMON_BLOCKS = YES;
				GCC_OPTIMIZATION_LEVEL = 0;
				GCC_PREPROCESSOR_DEFINITIONS = (
					"DEBUG=1",
					"$(inherited)",
				);
				GCC_WARN_64_TO_32_BIT_CONVERSION = YES;
				GCC_WARN_ABOUT_RETURN_TYPE = YES_ERROR;
				GCC_WARN_UNDECLARED_SELECTOR = YES;
				GCC_WARN_UNINITIALIZED_AUTOS = YES_AGGRESSIVE;
				GCC_WARN_UNUSED_FUNCTION = YES;
				GCC_WARN_UNUSED_VARIABLE = YES;
				IPHONEOS_DEPLOYMENT_TARGET = 12.4;
				MTL_ENABLE_DEBUG_INFO = INCLUDE_SOURCE;
				MTL_FAST_MATH = YES;
				ONLY_ACTIVE_ARCH = YES;
				SDKROOT = iphoneos;
				SWIFT_ACTIVE_COMPILATION_CONDITIONS = DEBUG;
				SWIFT_OPTIMIZATION_LEVEL = "-Onone";
			};
			name = Debug;
		};
		CB2B06F222E99B3100D6DBB2 /* Release */ = {
			isa = XCBuildConfiguration;
			buildSettings = {
				ALWAYS_SEARCH_USER_PATHS = NO;
				CLANG_ANALYZER_NONNULL = YES;
				CLANG_ANALYZER_NUMBER_OBJECT_CONVERSION = YES_AGGRESSIVE;
				CLANG_CXX_LANGUAGE_STANDARD = "gnu++14";
				CLANG_CXX_LIBRARY = "libc++";
				CLANG_ENABLE_MODULES = YES;
				CLANG_ENABLE_OBJC_ARC = YES;
				CLANG_ENABLE_OBJC_WEAK = YES;
				CLANG_WARN_BLOCK_CAPTURE_AUTORELEASING = YES;
				CLANG_WARN_BOOL_CONVERSION = YES;
				CLANG_WARN_COMMA = YES;
				CLANG_WARN_CONSTANT_CONVERSION = YES;
				CLANG_WARN_DEPRECATED_OBJC_IMPLEMENTATIONS = YES;
				CLANG_WARN_DIRECT_OBJC_ISA_USAGE = YES_ERROR;
				CLANG_WARN_DOCUMENTATION_COMMENTS = YES;
				CLANG_WARN_EMPTY_BODY = YES;
				CLANG_WARN_ENUM_CONVERSION = YES;
				CLANG_WARN_INFINITE_RECURSION = YES;
				CLANG_WARN_INT_CONVERSION = YES;
				CLANG_WARN_NON_LITERAL_NULL_CONVERSION = YES;
				CLANG_WARN_OBJC_IMPLICIT_RETAIN_SELF = YES;
				CLANG_WARN_OBJC_LITERAL_CONVERSION = YES;
				CLANG_WARN_OBJC_ROOT_CLASS = YES_ERROR;
				CLANG_WARN_RANGE_LOOP_ANALYSIS = YES;
				CLANG_WARN_STRICT_PROTOTYPES = YES;
				CLANG_WARN_SUSPICIOUS_MOVE = YES;
				CLANG_WARN_UNGUARDED_AVAILABILITY = YES_AGGRESSIVE;
				CLANG_WARN_UNREACHABLE_CODE = YES;
				CLANG_WARN__DUPLICATE_METHOD_MATCH = YES;
				CODE_SIGN_IDENTITY = "iPhone Developer";
				COPY_PHASE_STRIP = NO;
				DEBUG_INFORMATION_FORMAT = "dwarf-with-dsym";
				ENABLE_NS_ASSERTIONS = NO;
				ENABLE_STRICT_OBJC_MSGSEND = YES;
				GCC_C_LANGUAGE_STANDARD = gnu11;
				GCC_NO_COMMON_BLOCKS = YES;
				GCC_WARN_64_TO_32_BIT_CONVERSION = YES;
				GCC_WARN_ABOUT_RETURN_TYPE = YES_ERROR;
				GCC_WARN_UNDECLARED_SELECTOR = YES;
				GCC_WARN_UNINITIALIZED_AUTOS = YES_AGGRESSIVE;
				GCC_WARN_UNUSED_FUNCTION = YES;
				GCC_WARN_UNUSED_VARIABLE = YES;
				IPHONEOS_DEPLOYMENT_TARGET = 12.4;
				MTL_ENABLE_DEBUG_INFO = NO;
				MTL_FAST_MATH = YES;
				SDKROOT = iphoneos;
				SWIFT_COMPILATION_MODE = wholemodule;
				SWIFT_OPTIMIZATION_LEVEL = "-O";
				VALIDATE_PRODUCT = YES;
			};
			name = Release;
		};
		CB2B06F422E99B3100D6DBB2 /* Debug */ = {
			isa = XCBuildConfiguration;
			buildSettings = {
				ASSETCATALOG_COMPILER_APPICON_NAME = AppIcon;
				CODE_SIGN_STYLE = Automatic;
				DEVELOPMENT_TEAM = 8ZP4Q8T234;
				INFOPLIST_FILE = FFBirthdays/Info.plist;
				LD_RUNPATH_SEARCH_PATHS = (
					"$(inherited)",
					"@executable_path/Frameworks",
				);
				PRODUCT_BUNDLE_IDENTIFIER = MissZhou.FFBirthdays;
				PRODUCT_NAME = "$(TARGET_NAME)";
				SWIFT_VERSION = 5.0;
				TARGETED_DEVICE_FAMILY = "1,2";
			};
			name = Debug;
		};
		CB2B06F522E99B3100D6DBB2 /* Release */ = {
			isa = XCBuildConfiguration;
			buildSettings = {
				ASSETCATALOG_COMPILER_APPICON_NAME = AppIcon;
				CODE_SIGN_STYLE = Automatic;
				DEVELOPMENT_TEAM = 8ZP4Q8T234;
				INFOPLIST_FILE = FFBirthdays/Info.plist;
				LD_RUNPATH_SEARCH_PATHS = (
					"$(inherited)",
					"@executable_path/Frameworks",
				);
				PRODUCT_BUNDLE_IDENTIFIER = MissZhou.FFBirthdays;
				PRODUCT_NAME = "$(TARGET_NAME)";
				SWIFT_VERSION = 5.0;
				TARGETED_DEVICE_FAMILY = "1,2";
			};
			name = Release;
		};
/* End XCBuildConfiguration section */

/* Begin XCConfigurationList section */
		CB2B06DC22E99B2D00D6DBB2 /* Build configuration list for PBXProject "FFBirthdays" */ = {
			isa = XCConfigurationList;
			buildConfigurations = (
				CB2B06F122E99B3100D6DBB2 /* Debug */,
				CB2B06F222E99B3100D6DBB2 /* Release */,
			);
			defaultConfigurationIsVisible = 0;
			defaultConfigurationName = Release;
		};
		CB2B06F322E99B3100D6DBB2 /* Build configuration list for PBXNativeTarget "FFBirthdays" */ = {
			isa = XCConfigurationList;
			buildConfigurations = (
				CB2B06F422E99B3100D6DBB2 /* Debug */,
				CB2B06F522E99B3100D6DBB2 /* Release */,
			);
			defaultConfigurationIsVisible = 0;
			defaultConfigurationName = Release;
		};
/* End XCConfigurationList section */
	};
	rootObject = CB2B06D922E99B2D00D6DBB2 /* Project object */;
}
