// !$*UTF8*$!
{
	archiveVersion = 1;
	classes = {
	};
	objectVersion = 50;
	objects = {

/* Begin PBXBuildFile section */
		CBF4454322EBF5FF00CB7587 /* AppDelegate.swift in Sources */ = {isa = PBXBuildFile; fileRef = CBF4454222EBF5FF00CB7587 /* AppDelegate.swift */; };
		CBF4454522EBF5FF00CB7587 /* ViewController.swift in Sources */ = {isa = PBXBuildFile; fileRef = CBF4454422EBF5FF00CB7587 /* ViewController.swift */; };
		CBF4454822EBF5FF00CB7587 /* Main.storyboard in Resources */ = {isa = PBXBuildFile; fileRef = CBF4454622EBF5FF00CB7587 /* Main.storyboard */; };
		CBF4454A22EBF60100CB7587 /* Assets.xcassets in Resources */ = {isa = PBXBuildFile; fileRef = CBF4454922EBF60100CB7587 /* Assets.xcassets */; };
		CBF4454D22EBF60100CB7587 /* LaunchScreen.storyboard in Resources */ = {isa = PBXBuildFile; fileRef = CBF4454B22EBF60100CB7587 /* LaunchScreen.storyboard */; };
		CBF4455622EBF85600CB7587 /* HitList.xcdatamodeld in Sources */ = {isa = PBXBuildFile; fileRef = CBF4455422EBF85600CB7587 /* HitList.xcdatamodeld */; };
/* End PBXBuildFile section */

/* Begin PBXFileReference section */
		CBF4453F22EBF5FF00CB7587 /* FFHitList.app */ = {isa = PBXFileReference; explicitFileType = wrapper.application; includeInIndex = 0; path = FFHitList.app; sourceTree = BUILT_PRODUCTS_DIR; };
		CBF4454222EBF5FF00CB7587 /* AppDelegate.swift */ = {isa = PBXFileReference; lastKnownFileType = sourcecode.swift; path = AppDelegate.swift; sourceTree = "<group>"; };
		CBF4454422EBF5FF00CB7587 /* ViewController.swift */ = {isa = PBXFileReference; lastKnownFileType = sourcecode.swift; path = ViewController.swift; sourceTree = "<group>"; };
		CBF4454722EBF5FF00CB7587 /* Base */ = {isa = PBXFileReference; lastKnownFileType = file.storyboard; name = Base; path = Base.lproj/Main.storyboard; sourceTree = "<group>"; };
		CBF4454922EBF60100CB7587 /* Assets.xcassets */ = {isa = PBXFileReference; lastKnownFileType = folder.assetcatalog; path = Assets.xcassets; sourceTree = "<group>"; };
		CBF4454C22EBF60100CB7587 /* Base */ = {isa = PBXFileReference; lastKnownFileType = file.storyboard; name = Base; path = Base.lproj/LaunchScreen.storyboard; sourceTree = "<group>"; };
		CBF4454E22EBF60100CB7587 /* Info.plist */ = {isa = PBXFileReference; lastKnownFileType = text.plist.xml; path = Info.plist; sourceTree = "<group>"; };
		CBF4455522EBF85600CB7587 /* HitList.xcdatamodel */ = {isa = PBXFileReference; lastKnownFileType = wrapper.xcdatamodel; path = HitList.xcdatamodel; sourceTree = "<group>"; };
/* End PBXFileReference section */

/* Begin PBXFrameworksBuildPhase section */
		CBF4453C22EBF5FF00CB7587 /* Frameworks */ = {
			isa = PBXFrameworksBuildPhase;
			buildActionMask = 2147483647;
			files = (
			);
			runOnlyForDeploymentPostprocessing = 0;
		};
/* End PBXFrameworksBuildPhase section */

/* Begin PBXGroup section */
		CBF4453622EBF5FF00CB7587 = {
			isa = PBXGroup;
			children = (
				CBF4454122EBF5FF00CB7587 /* FFHitList */,
				CBF4454022EBF5FF00CB7587 /* Products */,
			);
			sourceTree = "<group>";
		};
		CBF4454022EBF5FF00CB7587 /* Products */ = {
			isa = PBXGroup;
			children = (
				CBF4453F22EBF5FF00CB7587 /* FFHitList.app */,
			);
			name = Products;
			sourceTree = "<group>";
		};
		CBF4454122EBF5FF00CB7587 /* FFHitList */ = {
			isa = PBXGroup;
			children = (
				CBF4454222EBF5FF00CB7587 /* AppDelegate.swift */,
				CBF4454422EBF5FF00CB7587 /* ViewController.swift */,
				CBF4454622EBF5FF00CB7587 /* Main.storyboard */,
				CBF4454922EBF60100CB7587 /* Assets.xcassets */,
				CBF4454B22EBF60100CB7587 /* LaunchScreen.storyboard */,
				CBF4454E22EBF60100CB7587 /* Info.plist */,
				CBF4455422EBF85600CB7587 /* HitList.xcdatamodeld */,
			);
			path = FFHitList;
			sourceTree = "<group>";
		};
/* End PBXGroup section */

/* Begin PBXNativeTarget section */
		CBF4453E22EBF5FF00CB7587 /* FFHitList */ = {
			isa = PBXNativeTarget;
			buildConfigurationList = CBF4455122EBF60100CB7587 /* Build configuration list for PBXNativeTarget "FFHitList" */;
			buildPhases = (
				CBF4453B22EBF5FF00CB7587 /* Sources */,
				CBF4453C22EBF5FF00CB7587 /* Frameworks */,
				CBF4453D22EBF5FF00CB7587 /* Resources */,
			);
			buildRules = (
			);
			dependencies = (
			);
			name = FFHitList;
			productName = FFHitList;
			productReference = CBF4453F22EBF5FF00CB7587 /* FFHitList.app */;
			productType = "com.apple.product-type.application";
		};
/* End PBXNativeTarget section */

/* Begin PBXProject section */
		CBF4453722EBF5FF00CB7587 /* Project object */ = {
			isa = PBXProject;
			attributes = {
				LastSwiftUpdateCheck = 1030;
				LastUpgradeCheck = 1030;
				ORGANIZATIONNAME = MissZhou;
				TargetAttributes = {
					CBF4453E22EBF5FF00CB7587 = {
						CreatedOnToolsVersion = 10.3;
					};
				};
			};
			buildConfigurationList = CBF4453A22EBF5FF00CB7587 /* Build configuration list for PBXProject "FFHitList" */;
			compatibilityVersion = "Xcode 9.3";
			developmentRegion = en;
			hasScannedForEncodings = 0;
			knownRegions = (
				en,
				Base,
			);
			mainGroup = CBF4453622EBF5FF00CB7587;
			productRefGroup = CBF4454022EBF5FF00CB7587 /* Products */;
			projectDirPath = "";
			projectRoot = "";
			targets = (
				CBF4453E22EBF5FF00CB7587 /* FFHitList */,
			);
		};
/* End PBXProject section */

/* Begin PBXResourcesBuildPhase section */
		CBF4453D22EBF5FF00CB7587 /* Resources */ = {
			isa = PBXResourcesBuildPhase;
			buildActionMask = 2147483647;
			files = (
				CBF4454D22EBF60100CB7587 /* LaunchScreen.storyboard in Resources */,
				CBF4454A22EBF60100CB7587 /* Assets.xcassets in Resources */,
				CBF4454822EBF5FF00CB7587 /* Main.storyboard in Resources */,
			);
			runOnlyForDeploymentPostprocessing = 0;
		};
/* End PBXResourcesBuildPhase section */

/* Begin PBXSourcesBuildPhase section */
		CBF4453B22EBF5FF00CB7587 /* Sources */ = {
			isa = PBXSourcesBuildPhase;
			buildActionMask = 2147483647;
			files = (
				CBF4455622EBF85600CB7587 /* HitList.xcdatamodeld in Sources */,
				CBF4454522EBF5FF00CB7587 /* ViewController.swift in Sources */,
				CBF4454322EBF5FF00CB7587 /* AppDelegate.swift in Sources */,
			);
			runOnlyForDeploymentPostprocessing = 0;
		};
/* End PBXSourcesBuildPhase section */

/* Begin PBXVariantGroup section */
		CBF4454622EBF5FF00CB7587 /* Main.storyboard */ = {
			isa = PBXVariantGroup;
			children = (
				CBF4454722EBF5FF00CB7587 /* Base */,
			);
			name = Main.storyboard;
			sourceTree = "<group>";
		};
		CBF4454B22EBF60100CB7587 /* LaunchScreen.storyboard */ = {
			isa = PBXVariantGroup;
			children = (
				CBF4454C22EBF60100CB7587 /* Base */,
			);
			name = LaunchScreen.storyboard;
			sourceTree = "<group>";
		};
/* End PBXVariantGroup section */

/* Begin XCBuildConfiguration section */
		CBF4454F22EBF60100CB7587 /* Debug */ = {
			isa = XCBuildConfiguration;
			buildSettings = {
				ALWAYS_SEARCH_USER_PATHS = NO;
				CLANG_ANALYZER_NONNULL = YES;
				CLANG_ANALYZER_NUMBER_OBJECT_CONVERSION = YES_AGGRESSIVE;
				CLANG_CXX_LANGUAGE_STANDARD = "gnu++14";
				CLANG_CXX_LIBRARY = "libc++";
				CLANG_ENABLE_MODULES = YES;
				CLANG_ENABLE_OBJC_ARC = YES;
				CLANG_ENABLE_OBJC_WEAK = YES;
				CLANG_WARN_BLOCK_CAPTURE_AUTORELEASING = YES;
				CLANG_WARN_BOOL_CONVERSION = YES;
				CLANG_WARN_COMMA = YES;
				CLANG_WARN_CONSTANT_CONVERSION = YES;
				CLANG_WARN_DEPRECATED_OBJC_IMPLEMENTATIONS = YES;
				CLANG_WARN_DIRECT_OBJC_ISA_USAGE = YES_ERROR;
				CLANG_WARN_DOCUMENTATION_COMMENTS = YES;
				CLANG_WARN_EMPTY_BODY = YES;
				CLANG_WARN_ENUM_CONVERSION = YES;
				CLANG_WARN_INFINITE_RECURSION = YES;
				CLANG_WARN_INT_CONVERSION = YES;
				CLANG_WARN_NON_LITERAL_NULL_CONVERSION = YES;
				CLANG_WARN_OBJC_IMPLICIT_RETAIN_SELF = YES;
				CLANG_WARN_OBJC_LITERAL_CONVERSION = YES;
				CLANG_WARN_OBJC_ROOT_CLASS = YES_ERROR;
				CLANG_WARN_RANGE_LOOP_ANALYSIS = YES;
				CLANG_WARN_STRICT_PROTOTYPES = YES;
				CLANG_WARN_SUSPICIOUS_MOVE = YES;
				CLANG_WARN_UNGUARDED_AVAILABILITY = YES_AGGRESSIVE;
				CLANG_WARN_UNREACHABLE_CODE = YES;
				CLANG_WARN__DUPLICATE_METHOD_MATCH = YES;
				CODE_SIGN_IDENTITY = "iPhone Developer";
				COPY_PHASE_STRIP = NO;
				DEBUG_INFORMATION_FORMAT = dwarf;
				ENABLE_STRICT_OBJC_MSGSEND = YES;
				ENABLE_TESTABILITY = YES;
				GCC_C_LANGUAGE_STANDARD = gnu11;
				GCC_DYNAMIC_NO_PIC = NO;
				GCC_NO_COMMON_BLOCKS = YES;
				GCC_OPTIMIZATION_LEVEL = 0;
				GCC_PREPROCESSOR_DEFINITIONS = (
					"DEBUG=1",
					"$(inherited)",
				);
				GCC_WARN_64_TO_32_BIT_CONVERSION = YES;
				GCC_WARN_ABOUT_RETURN_TYPE = YES_ERROR;
				GCC_WARN_UNDECLARED_SELECTOR = YES;
				GCC_WARN_UNINITIALIZED_AUTOS = YES_AGGRESSIVE;
				GCC_WARN_UNUSED_FUNCTION = YES;
				GCC_WARN_UNUSED_VARIABLE = YES;
				IPHONEOS_DEPLOYMENT_TARGET = 12.4;
				MTL_ENABLE_DEBUG_INFO = INCLUDE_SOURCE;
				MTL_FAST_MATH = YES;
				ONLY_ACTIVE_ARCH = YES;
				SDKROOT = iphoneos;
				SWIFT_ACTIVE_COMPILATION_CONDITIONS = DEBUG;
				SWIFT_OPTIMIZATION_LEVEL = "-Onone";
			};
			name = Debug;
		};
		CBF4455022EBF60100CB7587 /* Release */ = {
			isa = XCBuildConfiguration;
			buildSettings = {
				ALWAYS_SEARCH_USER_PATHS = NO;
				CLANG_ANALYZER_NONNULL = YES;
				CLANG_ANALYZER_NUMBER_OBJECT_CONVERSION = YES_AGGRESSIVE;
				CLANG_CXX_LANGUAGE_STANDARD = "gnu++14";
				CLANG_CXX_LIBRARY = "libc++";
				CLANG_ENABLE_MODULES = YES;
				CLANG_ENABLE_OBJC_ARC = YES;
				CLANG_ENABLE_OBJC_WEAK = YES;
				CLANG_WARN_BLOCK_CAPTURE_AUTORELEASING = YES;
				CLANG_WARN_BOOL_CONVERSION = YES;
				CLANG_WARN_COMMA = YES;
				CLANG_WARN_CONSTANT_CONVERSION = YES;
				CLANG_WARN_DEPRECATED_OBJC_IMPLEMENTATIONS = YES;
				CLANG_WARN_DIRECT_OBJC_ISA_USAGE = YES_ERROR;
				CLANG_WARN_DOCUMENTATION_COMMENTS = YES;
				CLANG_WARN_EMPTY_BODY = YES;
				CLANG_WARN_ENUM_CONVERSION = YES;
				CLANG_WARN_INFINITE_RECURSION = YES;
				CLANG_WARN_INT_CONVERSION = YES;
				CLANG_WARN_NON_LITERAL_NULL_CONVERSION = YES;
				CLANG_WARN_OBJC_IMPLICIT_RETAIN_SELF = YES;
				CLANG_WARN_OBJC_LITERAL_CONVERSION = YES;
				CLANG_WARN_OBJC_ROOT_CLASS = YES_ERROR;
				CLANG_WARN_RANGE_LOOP_ANALYSIS = YES;
				CLANG_WARN_STRICT_PROTOTYPES = YES;
				CLANG_WARN_SUSPICIOUS_MOVE = YES;
				CLANG_WARN_UNGUARDED_AVAILABILITY = YES_AGGRESSIVE;
				CLANG_WARN_UNREACHABLE_CODE = YES;
				CLANG_WARN__DUPLICATE_METHOD_MATCH = YES;
				CODE_SIGN_IDENTITY = "iPhone Developer";
				COPY_PHASE_STRIP = NO;
				DEBUG_INFORMATION_FORMAT = "dwarf-with-dsym";
				ENABLE_NS_ASSERTIONS = NO;
				ENABLE_STRICT_OBJC_MSGSEND = YES;
				GCC_C_LANGUAGE_STANDARD = gnu11;
				GCC_NO_COMMON_BLOCKS = YES;
				GCC_WARN_64_TO_32_BIT_CONVERSION = YES;
				GCC_WARN_ABOUT_RETURN_TYPE = YES_ERROR;
				GCC_WARN_UNDECLARED_SELECTOR = YES;
				GCC_WARN_UNINITIALIZED_AUTOS = YES_AGGRESSIVE;
				GCC_WARN_UNUSED_FUNCTION = YES;
				GCC_WARN_UNUSED_VARIABLE = YES;
				IPHONEOS_DEPLOYMENT_TARGET = 12.4;
				MTL_ENABLE_DEBUG_INFO = NO;
				MTL_FAST_MATH = YES;
				SDKROOT = iphoneos;
				SWIFT_COMPILATION_MODE = wholemodule;
				SWIFT_OPTIMIZATION_LEVEL = "-O";
				VALIDATE_PRODUCT = YES;
			};
			name = Release;
		};
		CBF4455222EBF60100CB7587 /* Debug */ = {
			isa = XCBuildConfiguration;
			buildSettings = {
				ASSETCATALOG_COMPILER_APPICON_NAME = AppIcon;
				CODE_SIGN_STYLE = Automatic;
				DEVELOPMENT_TEAM = 8ZP4Q8T234;
				INFOPLIST_FILE = FFHitList/Info.plist;
				LD_RUNPATH_SEARCH_PATHS = (
					"$(inherited)",
					"@executable_path/Frameworks",
				);
				PRODUCT_BUNDLE_IDENTIFIER = MissZhou.FFHitList;
				PRODUCT_NAME = "$(TARGET_NAME)";
				SWIFT_VERSION = 5.0;
				TARGETED_DEVICE_FAMILY = "1,2";
			};
			name = Debug;
		};
		CBF4455322EBF60100CB7587 /* Release */ = {
			isa = XCBuildConfiguration;
			buildSettings = {
				ASSETCATALOG_COMPILER_APPICON_NAME = AppIcon;
				CODE_SIGN_STYLE = Automatic;
				DEVELOPMENT_TEAM = 8ZP4Q8T234;
				INFOPLIST_FILE = FFHitList/Info.plist;
				LD_RUNPATH_SEARCH_PATHS = (
					"$(inherited)",
					"@executable_path/Frameworks",
				);
				PRODUCT_BUNDLE_IDENTIFIER = MissZhou.FFHitList;
				PRODUCT_NAME = "$(TARGET_NAME)";
				SWIFT_VERSION = 5.0;
				TARGETED_DEVICE_FAMILY = "1,2";
			};
			name = Release;
		};
/* End XCBuildConfiguration section */

/* Begin XCConfigurationList section */
		CBF4453A22EBF5FF00CB7587 /* Build configuration list for PBXProject "FFHitList" */ = {
			isa = XCConfigurationList;
			buildConfigurations = (
				CBF4454F22EBF60100CB7587 /* Debug */,
				CBF4455022EBF60100CB7587 /* Release */,
			);
			defaultConfigurationIsVisible = 0;
			defaultConfigurationName = Release;
		};
		CBF4455122EBF60100CB7587 /* Build configuration list for PBXNativeTarget "FFHitList" */ = {
			isa = XCConfigurationList;
			buildConfigurations = (
				CBF4455222EBF60100CB7587 /* Debug */,
				CBF4455322EBF60100CB7587 /* Release */,
			);
			defaultConfigurationIsVisible = 0;
			defaultConfigurationName = Release;
		};
/* End XCConfigurationList section */

/* Begin XCVersionGroup section */
		CBF4455422EBF85600CB7587 /* HitList.xcdatamodeld */ = {
			isa = XCVersionGroup;
			children = (
				CBF4455522EBF85600CB7587 /* HitList.xcdatamodel */,
			);
			currentVersion = CBF4455522EBF85600CB7587 /* HitList.xcdatamodel */;
			path = HitList.xcdatamodeld;
			sourceTree = "<group>";
			versionGroupType = wrapper.xcdatamodel;
		};
/* End XCVersionGroup section */
	};
	rootObject = CBF4453722EBF5FF00CB7587 /* Project object */;
}
